// !$*UTF8*$!
{
	archiveVersion = 1;
	classes = {
	};
	objectVersion = 46;
	objects = {

/* Begin PBXBuildFile section */
		2B1A6DCC186A970B009F37C8 /* Main.storyboard in Resources */ = {isa = PBXBuildFile; fileRef = 2B1A6DCA186A970B009F37C8 /* Main.storyboard */; };
		2B4B181C1869F5FA000F01D8 /* Foundation.framework in Frameworks */ = {isa = PBXBuildFile; fileRef = 2B4B181B1869F5FA000F01D8 /* Foundation.framework */; };
		2B4B181E1869F5FA000F01D8 /* CoreGraphics.framework in Frameworks */ = {isa = PBXBuildFile; fileRef = 2B4B181D1869F5FA000F01D8 /* CoreGraphics.framework */; };
		2B4B18201869F5FA000F01D8 /* UIKit.framework in Frameworks */ = {isa = PBXBuildFile; fileRef = 2B4B181F1869F5FA000F01D8 /* UIKit.framework */; };
		2B4B18261869F5FA000F01D8 /* InfoPlist.strings in Resources */ = {isa = PBXBuildFile; fileRef = 2B4B18241869F5FA000F01D8 /* InfoPlist.strings */; };
		2B4B18281869F5FA000F01D8 /* main.m in Sources */ = {isa = PBXBuildFile; fileRef = 2B4B18271869F5FA000F01D8 /* main.m */; };
		2B4B182C1869F5FA000F01D8 /* AppDelegate.m in Sources */ = {isa = PBXBuildFile; fileRef = 2B4B182B1869F5FA000F01D8 /* AppDelegate.m */; };
		2B4B18321869F5FA000F01D8 /* ViewController.m in Sources */ = {isa = PBXBuildFile; fileRef = 2B4B18311869F5FA000F01D8 /* ViewController.m */; };
		2B4B18341869F5FA000F01D8 /* Images.xcassets in Resources */ = {isa = PBXBuildFile; fileRef = 2B4B18331869F5FA000F01D8 /* Images.xcassets */; };
		2B4B183B1869F5FA000F01D8 /* XCTest.framework in Frameworks */ = {isa = PBXBuildFile; fileRef = 2B4B183A1869F5FA000F01D8 /* XCTest.framework */; };
		2B4B183C1869F5FA000F01D8 /* Foundation.framework in Frameworks */ = {isa = PBXBuildFile; fileRef = 2B4B181B1869F5FA000F01D8 /* Foundation.framework */; };
		2B4B183D1869F5FA000F01D8 /* UIKit.framework in Frameworks */ = {isa = PBXBuildFile; fileRef = 2B4B181F1869F5FA000F01D8 /* UIKit.framework */; };
		2B4B18451869F5FA000F01D8 /* InfoPlist.strings in Resources */ = {isa = PBXBuildFile; fileRef = 2B4B18431869F5FA000F01D8 /* InfoPlist.strings */; };
		2B4B18471869F5FA000F01D8 /* __2_LayoutingTests.m in Sources */ = {isa = PBXBuildFile; fileRef = 2B4B18461869F5FA000F01D8 /* __2_LayoutingTests.m */; };
/* End PBXBuildFile section */

/* Begin PBXContainerItemProxy section */
		2B4B183E1869F5FA000F01D8 /* PBXContainerItemProxy */ = {
			isa = PBXContainerItemProxy;
			containerPortal = 2B4B18101869F5FA000F01D8 /* Project object */;
			proxyType = 1;
			remoteGlobalIDString = 2B4B18171869F5FA000F01D8;
			remoteInfo = 2_2_Layouting;
		};
/* End PBXContainerItemProxy section */

/* Begin PBXFileReference section */
		2B1A6DCB186A970B009F37C8 /* Base */ = {isa = PBXFileReference; lastKnownFileType = file.storyboard; name = Base; path = Base.lproj/Main.storyboard; sourceTree = "<group>"; };
		2B4B18181869F5FA000F01D8 /* 2_2_Layouting.app */ = {isa = PBXFileReference; explicitFileType = wrapper.application; includeInIndex = 0; path = 2_2_Layouting.app; sourceTree = BUILT_PRODUCTS_DIR; };
		2B4B181B1869F5FA000F01D8 /* Foundation.framework */ = {isa = PBXFileReference; lastKnownFileType = wrapper.framework; name = Foundation.framework; path = System/Library/Frameworks/Foundation.framework; sourceTree = SDKROOT; };
		2B4B181D1869F5FA000F01D8 /* CoreGraphics.framework */ = {isa = PBXFileReference; lastKnownFileType = wrapper.framework; name = CoreGraphics.framework; path = System/Library/Frameworks/CoreGraphics.framework; sourceTree = SDKROOT; };
		2B4B181F1869F5FA000F01D8 /* UIKit.framework */ = {isa = PBXFileReference; lastKnownFileType = wrapper.framework; name = UIKit.framework; path = System/Library/Frameworks/UIKit.framework; sourceTree = SDKROOT; };
		2B4B18231869F5FA000F01D8 /* 2_2_Layouting-Info.plist */ = {isa = PBXFileReference; lastKnownFileType = text.plist.xml; path = "2_2_Layouting-Info.plist"; sourceTree = "<group>"; };
		2B4B18251869F5FA000F01D8 /* en */ = {isa = PBXFileReference; lastKnownFileType = text.plist.strings; name = en; path = en.lproj/InfoPlist.strings; sourceTree = "<group>"; };
		2B4B18271869F5FA000F01D8 /* main.m */ = {isa = PBXFileReference; lastKnownFileType = sourcecode.c.objc; path = main.m; sourceTree = "<group>"; };
		2B4B18291869F5FA000F01D8 /* 2_2_Layouting-Prefix.pch */ = {isa = PBXFileReference; lastKnownFileType = sourcecode.c.h; path = "2_2_Layouting-Prefix.pch"; sourceTree = "<group>"; };
		2B4B182A1869F5FA000F01D8 /* AppDelegate.h */ = {isa = PBXFileReference; lastKnownFileType = sourcecode.c.h; path = AppDelegate.h; sourceTree = "<group>"; };
		2B4B182B1869F5FA000F01D8 /* AppDelegate.m */ = {isa = PBXFileReference; lastKnownFileType = sourcecode.c.objc; path = AppDelegate.m; sourceTree = "<group>"; };
		2B4B18301869F5FA000F01D8 /* ViewController.h */ = {isa = PBXFileReference; lastKnownFileType = sourcecode.c.h; path = ViewController.h; sourceTree = "<group>"; };
		2B4B18311869F5FA000F01D8 /* ViewController.m */ = {isa = PBXFileReference; lastKnownFileType = sourcecode.c.objc; path = ViewController.m; sourceTree = "<group>"; };
		2B4B18331869F5FA000F01D8 /* Images.xcassets */ = {isa = PBXFileReference; lastKnownFileType = folder.assetcatalog; path = Images.xcassets; sourceTree = "<group>"; };
		2B4B18391869F5FA000F01D8 /* 2_2_LayoutingTests.xctest */ = {isa = PBXFileReference; explicitFileType = wrapper.cfbundle; includeInIndex = 0; path = 2_2_LayoutingTests.xctest; sourceTree = BUILT_PRODUCTS_DIR; };
		2B4B183A1869F5FA000F01D8 /* XCTest.framework */ = {isa = PBXFileReference; lastKnownFileType = wrapper.framework; name = XCTest.framework; path = Library/Frameworks/XCTest.framework; sourceTree = DEVELOPER_DIR; };
		2B4B18421869F5FA000F01D8 /* 2_2_LayoutingTests-Info.plist */ = {isa = PBXFileReference; lastKnownFileType = text.plist.xml; path = "2_2_LayoutingTests-Info.plist"; sourceTree = "<group>"; };
		2B4B18441869F5FA000F01D8 /* en */ = {isa = PBXFileReference; lastKnownFileType = text.plist.strings; name = en; path = en.lproj/InfoPlist.strings; sourceTree = "<group>"; };
		2B4B18461869F5FA000F01D8 /* __2_LayoutingTests.m */ = {isa = PBXFileReference; lastKnownFileType = sourcecode.c.objc; path = __2_LayoutingTests.m; sourceTree = "<group>"; };
/* End PBXFileReference section */

/* Begin PBXFrameworksBuildPhase section */
		2B4B18151869F5FA000F01D8 /* Frameworks */ = {
			isa = PBXFrameworksBuildPhase;
			buildActionMask = 2147483647;
			files = (
				2B4B181E1869F5FA000F01D8 /* CoreGraphics.framework in Frameworks */,
				2B4B18201869F5FA000F01D8 /* UIKit.framework in Frameworks */,
				2B4B181C1869F5FA000F01D8 /* Foundation.framework in Frameworks */,
			);
			runOnlyForDeploymentPostprocessing = 0;
		};
		2B4B18361869F5FA000F01D8 /* Frameworks */ = {
			isa = PBXFrameworksBuildPhase;
			buildActionMask = 2147483647;
			files = (
				2B4B183B1869F5FA000F01D8 /* XCTest.framework in Frameworks */,
				2B4B183D1869F5FA000F01D8 /* UIKit.framework in Frameworks */,
				2B4B183C1869F5FA000F01D8 /* Foundation.framework in Frameworks */,
			);
			runOnlyForDeploymentPostprocessing = 0;
		};
/* End PBXFrameworksBuildPhase section */

/* Begin PBXGroup section */
		2B4B180F1869F5FA000F01D8 = {
			isa = PBXGroup;
			children = (
				2B4B18211869F5FA000F01D8 /* 2_2_Layouting */,
				2B4B18401869F5FA000F01D8 /* 2_2_LayoutingTests */,
				2B4B181A1869F5FA000F01D8 /* Frameworks */,
				2B4B18191869F5FA000F01D8 /* Products */,
			);
			sourceTree = "<group>";
		};
		2B4B18191869F5FA000F01D8 /* Products */ = {
			isa = PBXGroup;
			children = (
				2B4B18181869F5FA000F01D8 /* 2_2_Layouting.app */,
				2B4B18391869F5FA000F01D8 /* 2_2_LayoutingTests.xctest */,
			);
			name = Products;
			sourceTree = "<group>";
		};
		2B4B181A1869F5FA000F01D8 /* Frameworks */ = {
			isa = PBXGroup;
			children = (
				2B4B181B1869F5FA000F01D8 /* Foundation.framework */,
				2B4B181D1869F5FA000F01D8 /* CoreGraphics.framework */,
				2B4B181F1869F5FA000F01D8 /* UIKit.framework */,
				2B4B183A1869F5FA000F01D8 /* XCTest.framework */,
			);
			name = Frameworks;
			sourceTree = "<group>";
		};
		2B4B18211869F5FA000F01D8 /* 2_2_Layouting */ = {
			isa = PBXGroup;
			children = (
				2B4B182A1869F5FA000F01D8 /* AppDelegate.h */,
				2B4B182B1869F5FA000F01D8 /* AppDelegate.m */,
				2B1A6DCA186A970B009F37C8 /* Main.storyboard */,
				2B4B18301869F5FA000F01D8 /* ViewController.h */,
				2B4B18311869F5FA000F01D8 /* ViewController.m */,
				2B4B18331869F5FA000F01D8 /* Images.xcassets */,
				2B4B18221869F5FA000F01D8 /* Supporting Files */,
			);
			path = 2_2_Layouting;
			sourceTree = "<group>";
		};
		2B4B18221869F5FA000F01D8 /* Supporting Files */ = {
			isa = PBXGroup;
			children = (
				2B4B18231869F5FA000F01D8 /* 2_2_Layouting-Info.plist */,
				2B4B18241869F5FA000F01D8 /* InfoPlist.strings */,
				2B4B18271869F5FA000F01D8 /* main.m */,
				2B4B18291869F5FA000F01D8 /* 2_2_Layouting-Prefix.pch */,
			);
			name = "Supporting Files";
			sourceTree = "<group>";
		};
		2B4B18401869F5FA000F01D8 /* 2_2_LayoutingTests */ = {
			isa = PBXGroup;
			children = (
				2B4B18461869F5FA000F01D8 /* __2_LayoutingTests.m */,
				2B4B18411869F5FA000F01D8 /* Supporting Files */,
			);
			path = 2_2_LayoutingTests;
			sourceTree = "<group>";
		};
		2B4B18411869F5FA000F01D8 /* Supporting Files */ = {
			isa = PBXGroup;
			children = (
				2B4B18421869F5FA000F01D8 /* 2_2_LayoutingTests-Info.plist */,
				2B4B18431869F5FA000F01D8 /* InfoPlist.strings */,
			);
			name = "Supporting Files";
			sourceTree = "<group>";
		};
/* End PBXGroup section */

/* Begin PBXNativeTarget section */
		2B4B18171869F5FA000F01D8 /* 2_2_Layouting */ = {
			isa = PBXNativeTarget;
			buildConfigurationList = 2B4B184A1869F5FA000F01D8 /* Build configuration list for PBXNativeTarget "2_2_Layouting" */;
			buildPhases = (
				2B4B18141869F5FA000F01D8 /* Sources */,
				2B4B18151869F5FA000F01D8 /* Frameworks */,
				2B4B18161869F5FA000F01D8 /* Resources */,
			);
			buildRules = (
			);
			dependencies = (
			);
			name = 2_2_Layouting;
			productName = 2_2_Layouting;
			productReference = 2B4B18181869F5FA000F01D8 /* 2_2_Layouting.app */;
			productType = "com.apple.product-type.application";
		};
		2B4B18381869F5FA000F01D8 /* 2_2_LayoutingTests */ = {
			isa = PBXNativeTarget;
			buildConfigurationList = 2B4B184D1869F5FA000F01D8 /* Build configuration list for PBXNativeTarget "2_2_LayoutingTests" */;
			buildPhases = (
				2B4B18351869F5FA000F01D8 /* Sources */,
				2B4B18361869F5FA000F01D8 /* Frameworks */,
				2B4B18371869F5FA000F01D8 /* Resources */,
			);
			buildRules = (
			);
			dependencies = (
				2B4B183F1869F5FA000F01D8 /* PBXTargetDependency */,
			);
			name = 2_2_LayoutingTests;
			productName = 2_2_LayoutingTests;
			productReference = 2B4B18391869F5FA000F01D8 /* 2_2_LayoutingTests.xctest */;
			productType = "com.apple.product-type.bundle.unit-test";
		};
/* End PBXNativeTarget section */

/* Begin PBXProject section */
		2B4B18101869F5FA000F01D8 /* Project object */ = {
			isa = PBXProject;
			attributes = {
				LastUpgradeCheck = 0510;
				ORGANIZATIONNAME = msyk.net;
				TargetAttributes = {
					2B4B18381869F5FA000F01D8 = {
						TestTargetID = 2B4B18171869F5FA000F01D8;
					};
				};
			};
			buildConfigurationList = 2B4B18131869F5FA000F01D8 /* Build configuration list for PBXProject "2_2_Layouting" */;
			compatibilityVersion = "Xcode 3.2";
			developmentRegion = English;
			hasScannedForEncodings = 0;
			knownRegions = (
				en,
				Base,
			);
			mainGroup = 2B4B180F1869F5FA000F01D8;
			productRefGroup = 2B4B18191869F5FA000F01D8 /* Products */;
			projectDirPath = "";
			projectRoot = "";
			targets = (
				2B4B18171869F5FA000F01D8 /* 2_2_Layouting */,
				2B4B18381869F5FA000F01D8 /* 2_2_LayoutingTests */,
			);
		};
/* End PBXProject section */

/* Begin PBXResourcesBuildPhase section */
		2B4B18161869F5FA000F01D8 /* Resources */ = {
			isa = PBXResourcesBuildPhase;
			buildActionMask = 2147483647;
			files = (
				2B1A6DCC186A970B009F37C8 /* Main.storyboard in Resources */,
				2B4B18341869F5FA000F01D8 /* Images.xcassets in Resources */,
				2B4B18261869F5FA000F01D8 /* InfoPlist.strings in Resources */,
			);
			runOnlyForDeploymentPostprocessing = 0;
		};
		2B4B18371869F5FA000F01D8 /* Resources */ = {
			isa = PBXResourcesBuildPhase;
			buildActionMask = 2147483647;
			files = (
				2B4B18451869F5FA000F01D8 /* InfoPlist.strings in Resources */,
			);
			runOnlyForDeploymentPostprocessing = 0;
		};
/* End PBXResourcesBuildPhase section */

/* Begin PBXSourcesBuildPhase section */
		2B4B18141869F5FA000F01D8 /* Sources */ = {
			isa = PBXSourcesBuildPhase;
			buildActionMask = 2147483647;
			files = (
				2B4B18321869F5FA000F01D8 /* ViewController.m in Sources */,
				2B4B182C1869F5FA000F01D8 /* AppDelegate.m in Sources */,
				2B4B18281869F5FA000F01D8 /* main.m in Sources */,
			);
			runOnlyForDeploymentPostprocessing = 0;
		};
		2B4B18351869F5FA000F01D8 /* Sources */ = {
			isa = PBXSourcesBuildPhase;
			buildActionMask = 2147483647;
			files = (
				2B4B18471869F5FA000F01D8 /* __2_LayoutingTests.m in Sources */,
			);
			runOnlyForDeploymentPostprocessing = 0;
		};
/* End PBXSourcesBuildPhase section */

/* Begin PBXTargetDependency section */
		2B4B183F1869F5FA000F01D8 /* PBXTargetDependency */ = {
			isa = PBXTargetDependency;
			target = 2B4B18171869F5FA000F01D8 /* 2_2_Layouting */;
			targetProxy = 2B4B183E1869F5FA000F01D8 /* PBXContainerItemProxy */;
		};
/* End PBXTargetDependency section */

/* Begin PBXVariantGroup section */
		2B1A6DCA186A970B009F37C8 /* Main.storyboard */ = {
			isa = PBXVariantGroup;
			children = (
				2B1A6DCB186A970B009F37C8 /* Base */,
			);
			name = Main.storyboard;
			sourceTree = "<group>";
		};
		2B4B18241869F5FA000F01D8 /* InfoPlist.strings */ = {
			isa = PBXVariantGroup;
			children = (
				2B4B18251869F5FA000F01D8 /* en */,
			);
			name = InfoPlist.strings;
			sourceTree = "<group>";
		};
		2B4B18431869F5FA000F01D8 /* InfoPlist.strings */ = {
			isa = PBXVariantGroup;
			children = (
				2B4B18441869F5FA000F01D8 /* en */,
			);
			name = InfoPlist.strings;
			sourceTree = "<group>";
		};
/* End PBXVariantGroup section */

/* Begin XCBuildConfiguration section */
		2B4B18481869F5FA000F01D8 /* Debug */ = {
			isa = XCBuildConfiguration;
			buildSettings = {
				ALWAYS_SEARCH_USER_PATHS = NO;
				ARCHS = "$(ARCHS_STANDARD_INCLUDING_64_BIT)";
				CLANG_CXX_LANGUAGE_STANDARD = "gnu++0x";
				CLANG_CXX_LIBRARY = "libc++";
				CLANG_ENABLE_MODULES = YES;
				CLANG_ENABLE_OBJC_ARC = YES;
				CLANG_WARN_BOOL_CONVERSION = YES;
				CLANG_WARN_CONSTANT_CONVERSION = YES;
				CLANG_WARN_DIRECT_OBJC_ISA_USAGE = YES_ERROR;
				CLANG_WARN_EMPTY_BODY = YES;
				CLANG_WARN_ENUM_CONVERSION = YES;
				CLANG_WARN_INT_CONVERSION = YES;
				CLANG_WARN_OBJC_ROOT_CLASS = YES_ERROR;
				CLANG_WARN__DUPLICATE_METHOD_MATCH = YES;
				"CODE_SIGN_IDENTITY[sdk=iphoneos*]" = "iPhone Developer";
				COPY_PHASE_STRIP = NO;
				GCC_C_LANGUAGE_STANDARD = gnu99;
				GCC_DYNAMIC_NO_PIC = NO;
				GCC_OPTIMIZATION_LEVEL = 0;
				GCC_PREPROCESSOR_DEFINITIONS = (
					"DEBUG=1",
					"$(inherited)",
				);
				GCC_SYMBOLS_PRIVATE_EXTERN = NO;
				GCC_WARN_64_TO_32_BIT_CONVERSION = YES;
				GCC_WARN_ABOUT_RETURN_TYPE = YES_ERROR;
				GCC_WARN_UNDECLARED_SELECTOR = YES;
				GCC_WARN_UNINITIALIZED_AUTOS = YES_AGGRESSIVE;
				GCC_WARN_UNUSED_FUNCTION = YES;
				GCC_WARN_UNUSED_VARIABLE = YES;
				IPHONEOS_DEPLOYMENT_TARGET = 7.1;
				ONLY_ACTIVE_ARCH = YES;
				SDKROOT = iphoneos;
			};
			name = Debug;
		};
		2B4B18491869F5FA000F01D8 /* Release */ = {
			isa = XCBuildConfiguration;
			buildSettings = {
				ALWAYS_SEARCH_USER_PATHS = NO;
				ARCHS = "$(ARCHS_STANDARD_INCLUDING_64_BIT)";
				CLANG_CXX_LANGUAGE_STANDARD = "gnu++0x";
				CLANG_CXX_LIBRARY = "libc++";
				CLANG_ENABLE_MODULES = YES;
				CLANG_ENABLE_OBJC_ARC = YES;
				CLANG_WARN_BOOL_CONVERSION = YES;
				CLANG_WARN_CONSTANT_CONVERSION = YES;
				CLANG_WARN_DIRECT_OBJC_ISA_USAGE = YES_ERROR;
				CLANG_WARN_EMPTY_BODY = YES;
				CLANG_WARN_ENUM_CONVERSION = YES;
				CLANG_WARN_INT_CONVERSION = YES;
				CLANG_WARN_OBJC_ROOT_CLASS = YES_ERROR;
				CLANG_WARN__DUPLICATE_METHOD_MATCH = YES;
				"CODE_SIGN_IDENTITY[sdk=iphoneos*]" = "iPhone Developer";
				COPY_PHASE_STRIP = YES;
				ENABLE_NS_ASSERTIONS = NO;
				GCC_C_LANGUAGE_STANDARD = gnu99;
				GCC_WARN_64_TO_32_BIT_CONVERSION = YES;
				GCC_WARN_ABOUT_RETURN_TYPE = YES_ERROR;
				GCC_WARN_UNDECLARED_SELECTOR = YES;
				GCC_WARN_UNINITIALIZED_AUTOS = YES_AGGRESSIVE;
				GCC_WARN_UNUSED_FUNCTION = YES;
				GCC_WARN_UNUSED_VARIABLE = YES;
				IPHONEOS_DEPLOYMENT_TARGET = 7.1;
				SDKROOT = iphoneos;
				VALIDATE_PRODUCT = YES;
			};
			name = Release;
		};
		2B4B184B1869F5FA000F01D8 /* Debug */ = {
			isa = XCBuildConfiguration;
			buildSettings = {
				ASSETCATALOG_COMPILER_APPICON_NAME = AppIcon;
				ASSETCATALOG_COMPILER_LAUNCHIMAGE_NAME = LaunchImage;
				GCC_PRECOMPILE_PREFIX_HEADER = YES;
				GCC_PREFIX_HEADER = "2_2_Layouting/2_2_Layouting-Prefix.pch";
				INFOPLIST_FILE = "2_2_Layouting/2_2_Layouting-Info.plist";
				PRODUCT_NAME = "$(TARGET_NAME)";
				WRAPPER_EXTENSION = app;
			};
			name = Debug;
		};
		2B4B184C1869F5FA000F01D8 /* Release */ = {
			isa = XCBuildConfiguration;
			buildSettings = {
				ASSETCATALOG_COMPILER_APPICON_NAME = AppIcon;
				ASSETCATALOG_COMPILER_LAUNCHIMAGE_NAME = LaunchImage;
				GCC_PRECOMPILE_PREFIX_HEADER = YES;
				GCC_PREFIX_HEADER = "2_2_Layouting/2_2_Layouting-Prefix.pch";
				INFOPLIST_FILE = "2_2_Layouting/2_2_Layouting-Info.plist";
				PRODUCT_NAME = "$(TARGET_NAME)";
				WRAPPER_EXTENSION = app;
			};
			name = Release;
		};
		2B4B184E1869F5FA000F01D8 /* Debug */ = {
			isa = XCBuildConfiguration;
			buildSettings = {
				ARCHS = "$(ARCHS_STANDARD_INCLUDING_64_BIT)";
				BUNDLE_LOADER = "$(BUILT_PRODUCTS_DIR)/2_2_Layouting.app/2_2_Layouting";
				FRAMEWORK_SEARCH_PATHS = (
					"$(SDKROOT)/Developer/Library/Frameworks",
					"$(inherited)",
					"$(DEVELOPER_FRAMEWORKS_DIR)",
				);
				GCC_PRECOMPILE_PREFIX_HEADER = YES;
				GCC_PREFIX_HEADER = "2_2_Layouting/2_2_Layouting-Prefix.pch";
				GCC_PREPROCESSOR_DEFINITIONS = (
					"DEBUG=1",
					"$(inherited)",
				);
				INFOPLIST_FILE = "2_2_LayoutingTests/2_2_LayoutingTests-Info.plist";
				PRODUCT_NAME = "$(TARGET_NAME)";
				TEST_HOST = "$(BUNDLE_LOADER)";
				WRAPPER_EXTENSION = xctest;
			};
			name = Debug;
		};
		2B4B184F1869F5FA000F01D8 /* Release */ = {
			isa = XCBuildConfiguration;
			buildSettings = {
				ARCHS = "$(ARCHS_STANDARD_INCLUDING_64_BIT)";
				BUNDLE_LOADER = "$(BUILT_PRODUCTS_DIR)/2_2_Layouting.app/2_2_Layouting";
				FRAMEWORK_SEARCH_PATHS = (
					"$(SDKROOT)/Developer/Library/Frameworks",
					"$(inherited)",
					"$(DEVELOPER_FRAMEWORKS_DIR)",
				);
				GCC_PRECOMPILE_PREFIX_HEADER = YES;
				GCC_PREFIX_HEADER = "2_2_Layouting/2_2_Layouting-Prefix.pch";
				INFOPLIST_FILE = "2_2_LayoutingTests/2_2_LayoutingTests-Info.plist";
				PRODUCT_NAME = "$(TARGET_NAME)";
				TEST_HOST = "$(BUNDLE_LOADER)";
				WRAPPER_EXTENSION = xctest;
			};
			name = Release;
		};
/* End XCBuildConfiguration section */

/* Begin XCConfigurationList section */
		2B4B18131869F5FA000F01D8 /* Build configuration list for PBXProject "2_2_Layouting" */ = {
			isa = XCConfigurationList;
			buildConfigurations = (
				2B4B18481869F5FA000F01D8 /* Debug */,
				2B4B18491869F5FA000F01D8 /* Release */,
			);
			defaultConfigurationIsVisible = 0;
			defaultConfigurationName = Release;
		};
		2B4B184A1869F5FA000F01D8 /* Build configuration list for PBXNativeTarget "2_2_Layouting" */ = {
			isa = XCConfigurationList;
			buildConfigurations = (
				2B4B184B1869F5FA000F01D8 /* Debug */,
				2B4B184C1869F5FA000F01D8 /* Release */,
			);
			defaultConfigurationIsVisible = 0;
			defaultConfigurationName = Release;
		};
		2B4B184D1869F5FA000F01D8 /* Build configuration list for PBXNativeTarget "2_2_LayoutingTests" */ = {
			isa = XCConfigurationList;
			buildConfigurations = (
				2B4B184E1869F5FA000F01D8 /* Debug */,
				2B4B184F1869F5FA000F01D8 /* Release */,
			);
			defaultConfigurationIsVisible = 0;
			defaultConfigurationName = Release;
		};
/* End XCConfigurationList section */
	};
	rootObject = 2B4B18101869F5FA000F01D8 /* Project object */;
}
