// !$*UTF8*$!
{
	archiveVersion = 1;
	classes = {
	};
	objectVersion = 46;
	objects = {

/* Begin PBXBuildFile section */
		2B7FE0671A17C8B200F0FABC /* AppDelegate.swift in Sources */ = {isa = PBXBuildFile; fileRef = 2B7FE0661A17C8B200F0FABC /* AppDelegate.swift */; };
		2B7FE0691A17C8B200F0FABC /* ViewController.swift in Sources */ = {isa = PBXBuildFile; fileRef = 2B7FE0681A17C8B200F0FABC /* ViewController.swift */; };
		2B7FE06C1A17C8B300F0FABC /* Main.storyboard in Resources */ = {isa = PBXBuildFile; fileRef = 2B7FE06A1A17C8B300F0FABC /* Main.storyboard */; };
		2B7FE06E1A17C8B300F0FABC /* Images.xcassets in Resources */ = {isa = PBXBuildFile; fileRef = 2B7FE06D1A17C8B300F0FABC /* Images.xcassets */; };
		2B7FE0711A17C8B300F0FABC /* LaunchScreen.xib in Resources */ = {isa = PBXBuildFile; fileRef = 2B7FE06F1A17C8B300F0FABC /* LaunchScreen.xib */; };
		2B7FE07D1A17C8B300F0FABC /* ComTest_SwiftTests.swift in Sources */ = {isa = PBXBuildFile; fileRef = 2B7FE07C1A17C8B300F0FABC /* ComTest_SwiftTests.swift */; };
/* End PBXBuildFile section */

/* Begin PBXContainerItemProxy section */
		2B7FE0771A17C8B300F0FABC /* PBXContainerItemProxy */ = {
			isa = PBXContainerItemProxy;
			containerPortal = 2B7FE0591A17C8B200F0FABC /* Project object */;
			proxyType = 1;
			remoteGlobalIDString = 2B7FE0601A17C8B200F0FABC;
			remoteInfo = ComTest_Swift;
		};
/* End PBXContainerItemProxy section */

/* Begin PBXFileReference section */
		2B7FE0611A17C8B200F0FABC /* ComTest_Swift.app */ = {isa = PBXFileReference; explicitFileType = wrapper.application; includeInIndex = 0; path = ComTest_Swift.app; sourceTree = BUILT_PRODUCTS_DIR; };
		2B7FE0651A17C8B200F0FABC /* Info.plist */ = {isa = PBXFileReference; lastKnownFileType = text.plist.xml; path = Info.plist; sourceTree = "<group>"; };
		2B7FE0661A17C8B200F0FABC /* AppDelegate.swift */ = {isa = PBXFileReference; lastKnownFileType = sourcecode.swift; path = AppDelegate.swift; sourceTree = "<group>"; };
		2B7FE0681A17C8B200F0FABC /* ViewController.swift */ = {isa = PBXFileReference; lastKnownFileType = sourcecode.swift; path = ViewController.swift; sourceTree = "<group>"; };
		2B7FE06B1A17C8B300F0FABC /* Base */ = {isa = PBXFileReference; lastKnownFileType = file.storyboard; name = Base; path = Base.lproj/Main.storyboard; sourceTree = "<group>"; };
		2B7FE06D1A17C8B300F0FABC /* Images.xcassets */ = {isa = PBXFileReference; lastKnownFileType = folder.assetcatalog; path = Images.xcassets; sourceTree = "<group>"; };
		2B7FE0701A17C8B300F0FABC /* Base */ = {isa = PBXFileReference; lastKnownFileType = file.xib; name = Base; path = Base.lproj/LaunchScreen.xib; sourceTree = "<group>"; };
		2B7FE0761A17C8B300F0FABC /* ComTest_SwiftTests.xctest */ = {isa = PBXFileReference; explicitFileType = wrapper.cfbundle; includeInIndex = 0; path = ComTest_SwiftTests.xctest; sourceTree = BUILT_PRODUCTS_DIR; };
		2B7FE07B1A17C8B300F0FABC /* Info.plist */ = {isa = PBXFileReference; lastKnownFileType = text.plist.xml; path = Info.plist; sourceTree = "<group>"; };
		2B7FE07C1A17C8B300F0FABC /* ComTest_SwiftTests.swift */ = {isa = PBXFileReference; lastKnownFileType = sourcecode.swift; path = ComTest_SwiftTests.swift; sourceTree = "<group>"; };
/* End PBXFileReference section */

/* Begin PBXFrameworksBuildPhase section */
		2B7FE05E1A17C8B200F0FABC /* Frameworks */ = {
			isa = PBXFrameworksBuildPhase;
			buildActionMask = 2147483647;
			files = (
			);
			runOnlyForDeploymentPostprocessing = 0;
		};
		2B7FE0731A17C8B300F0FABC /* Frameworks */ = {
			isa = PBXFrameworksBuildPhase;
			buildActionMask = 2147483647;
			files = (
			);
			runOnlyForDeploymentPostprocessing = 0;
		};
/* End PBXFrameworksBuildPhase section */

/* Begin PBXGroup section */
		2B7FE0581A17C8B200F0FABC = {
			isa = PBXGroup;
			children = (
				2B7FE0631A17C8B200F0FABC /* ComTest_Swift */,
				2B7FE0791A17C8B300F0FABC /* ComTest_SwiftTests */,
				2B7FE0621A17C8B200F0FABC /* Products */,
			);
			sourceTree = "<group>";
		};
		2B7FE0621A17C8B200F0FABC /* Products */ = {
			isa = PBXGroup;
			children = (
				2B7FE0611A17C8B200F0FABC /* ComTest_Swift.app */,
				2B7FE0761A17C8B300F0FABC /* ComTest_SwiftTests.xctest */,
			);
			name = Products;
			sourceTree = "<group>";
		};
		2B7FE0631A17C8B200F0FABC /* ComTest_Swift */ = {
			isa = PBXGroup;
			children = (
				2B7FE0661A17C8B200F0FABC /* AppDelegate.swift */,
				2B7FE0681A17C8B200F0FABC /* ViewController.swift */,
				2B7FE06A1A17C8B300F0FABC /* Main.storyboard */,
				2B7FE06D1A17C8B300F0FABC /* Images.xcassets */,
				2B7FE06F1A17C8B300F0FABC /* LaunchScreen.xib */,
				2B7FE0641A17C8B200F0FABC /* Supporting Files */,
			);
			path = ComTest_Swift;
			sourceTree = "<group>";
		};
		2B7FE0641A17C8B200F0FABC /* Supporting Files */ = {
			isa = PBXGroup;
			children = (
				2B7FE0651A17C8B200F0FABC /* Info.plist */,
			);
			name = "Supporting Files";
			sourceTree = "<group>";
		};
		2B7FE0791A17C8B300F0FABC /* ComTest_SwiftTests */ = {
			isa = PBXGroup;
			children = (
				2B7FE07C1A17C8B300F0FABC /* ComTest_SwiftTests.swift */,
				2B7FE07A1A17C8B300F0FABC /* Supporting Files */,
			);
			path = ComTest_SwiftTests;
			sourceTree = "<group>";
		};
		2B7FE07A1A17C8B300F0FABC /* Supporting Files */ = {
			isa = PBXGroup;
			children = (
				2B7FE07B1A17C8B300F0FABC /* Info.plist */,
			);
			name = "Supporting Files";
			sourceTree = "<group>";
		};
/* End PBXGroup section */

/* Begin PBXNativeTarget section */
		2B7FE0601A17C8B200F0FABC /* ComTest_Swift */ = {
			isa = PBXNativeTarget;
			buildConfigurationList = 2B7FE0801A17C8B300F0FABC /* Build configuration list for PBXNativeTarget "ComTest_Swift" */;
			buildPhases = (
				2B7FE05D1A17C8B200F0FABC /* Sources */,
				2B7FE05E1A17C8B200F0FABC /* Frameworks */,
				2B7FE05F1A17C8B200F0FABC /* Resources */,
			);
			buildRules = (
			);
			dependencies = (
			);
			name = ComTest_Swift;
			productName = ComTest_Swift;
			productReference = 2B7FE0611A17C8B200F0FABC /* ComTest_Swift.app */;
			productType = "com.apple.product-type.application";
		};
		2B7FE0751A17C8B300F0FABC /* ComTest_SwiftTests */ = {
			isa = PBXNativeTarget;
			buildConfigurationList = 2B7FE0831A17C8B300F0FABC /* Build configuration list for PBXNativeTarget "ComTest_SwiftTests" */;
			buildPhases = (
				2B7FE0721A17C8B300F0FABC /* Sources */,
				2B7FE0731A17C8B300F0FABC /* Frameworks */,
				2B7FE0741A17C8B300F0FABC /* Resources */,
			);
			buildRules = (
			);
			dependencies = (
				2B7FE0781A17C8B300F0FABC /* PBXTargetDependency */,
			);
			name = ComTest_SwiftTests;
			productName = ComTest_SwiftTests;
			productReference = 2B7FE0761A17C8B300F0FABC /* ComTest_SwiftTests.xctest */;
			productType = "com.apple.product-type.bundle.unit-test";
		};
/* End PBXNativeTarget section */

/* Begin PBXProject section */
		2B7FE0591A17C8B200F0FABC /* Project object */ = {
			isa = PBXProject;
			attributes = {
				LastUpgradeCheck = 0610;
				ORGANIZATIONNAME = msyk.net;
				TargetAttributes = {
					2B7FE0601A17C8B200F0FABC = {
						CreatedOnToolsVersion = 6.1;
					};
					2B7FE0751A17C8B300F0FABC = {
						CreatedOnToolsVersion = 6.1;
						TestTargetID = 2B7FE0601A17C8B200F0FABC;
					};
				};
			};
			buildConfigurationList = 2B7FE05C1A17C8B200F0FABC /* Build configuration list for PBXProject "ComTest_Swift" */;
			compatibilityVersion = "Xcode 3.2";
			developmentRegion = English;
			hasScannedForEncodings = 0;
			knownRegions = (
				en,
				Base,
			);
			mainGroup = 2B7FE0581A17C8B200F0FABC;
			productRefGroup = 2B7FE0621A17C8B200F0FABC /* Products */;
			projectDirPath = "";
			projectRoot = "";
			targets = (
				2B7FE0601A17C8B200F0FABC /* ComTest_Swift */,
				2B7FE0751A17C8B300F0FABC /* ComTest_SwiftTests */,
			);
		};
/* End PBXProject section */

/* Begin PBXResourcesBuildPhase section */
		2B7FE05F1A17C8B200F0FABC /* Resources */ = {
			isa = PBXResourcesBuildPhase;
			buildActionMask = 2147483647;
			files = (
				2B7FE06C1A17C8B300F0FABC /* Main.storyboard in Resources */,
				2B7FE0711A17C8B300F0FABC /* LaunchScreen.xib in Resources */,
				2B7FE06E1A17C8B300F0FABC /* Images.xcassets in Resources */,
			);
			runOnlyForDeploymentPostprocessing = 0;
		};
		2B7FE0741A17C8B300F0FABC /* Resources */ = {
			isa = PBXResourcesBuildPhase;
			buildActionMask = 2147483647;
			files = (
			);
			runOnlyForDeploymentPostprocessing = 0;
		};
/* End PBXResourcesBuildPhase section */

/* Begin PBXSourcesBuildPhase section */
		2B7FE05D1A17C8B200F0FABC /* Sources */ = {
			isa = PBXSourcesBuildPhase;
			buildActionMask = 2147483647;
			files = (
				2B7FE0691A17C8B200F0FABC /* ViewController.swift in Sources */,
				2B7FE0671A17C8B200F0FABC /* AppDelegate.swift in Sources */,
			);
			runOnlyForDeploymentPostprocessing = 0;
		};
		2B7FE0721A17C8B300F0FABC /* Sources */ = {
			isa = PBXSourcesBuildPhase;
			buildActionMask = 2147483647;
			files = (
				2B7FE07D1A17C8B300F0FABC /* ComTest_SwiftTests.swift in Sources */,
			);
			runOnlyForDeploymentPostprocessing = 0;
		};
/* End PBXSourcesBuildPhase section */

/* Begin PBXTargetDependency section */
		2B7FE0781A17C8B300F0FABC /* PBXTargetDependency */ = {
			isa = PBXTargetDependency;
			target = 2B7FE0601A17C8B200F0FABC /* ComTest_Swift */;
			targetProxy = 2B7FE0771A17C8B300F0FABC /* PBXContainerItemProxy */;
		};
/* End PBXTargetDependency section */

/* Begin PBXVariantGroup section */
		2B7FE06A1A17C8B300F0FABC /* Main.storyboard */ = {
			isa = PBXVariantGroup;
			children = (
				2B7FE06B1A17C8B300F0FABC /* Base */,
			);
			name = Main.storyboard;
			sourceTree = "<group>";
		};
		2B7FE06F1A17C8B300F0FABC /* LaunchScreen.xib */ = {
			isa = PBXVariantGroup;
			children = (
				2B7FE0701A17C8B300F0FABC /* Base */,
			);
			name = LaunchScreen.xib;
			sourceTree = "<group>";
		};
/* End PBXVariantGroup section */

/* Begin XCBuildConfiguration section */
		2B7FE07E1A17C8B300F0FABC /* Debug */ = {
			isa = XCBuildConfiguration;
			buildSettings = {
				ALWAYS_SEARCH_USER_PATHS = NO;
				CLANG_CXX_LANGUAGE_STANDARD = "gnu++0x";
				CLANG_CXX_LIBRARY = "libc++";
				CLANG_ENABLE_MODULES = YES;
				CLANG_ENABLE_OBJC_ARC = YES;
				CLANG_WARN_BOOL_CONVERSION = YES;
				CLANG_WARN_CONSTANT_CONVERSION = YES;
				CLANG_WARN_DIRECT_OBJC_ISA_USAGE = YES_ERROR;
				CLANG_WARN_EMPTY_BODY = YES;
				CLANG_WARN_ENUM_CONVERSION = YES;
				CLANG_WARN_INT_CONVERSION = YES;
				CLANG_WARN_OBJC_ROOT_CLASS = YES_ERROR;
				CLANG_WARN_UNREACHABLE_CODE = YES;
				CLANG_WARN__DUPLICATE_METHOD_MATCH = YES;
				"CODE_SIGN_IDENTITY[sdk=iphoneos*]" = "iPhone Developer";
				COPY_PHASE_STRIP = NO;
				ENABLE_STRICT_OBJC_MSGSEND = YES;
				GCC_C_LANGUAGE_STANDARD = gnu99;
				GCC_DYNAMIC_NO_PIC = NO;
				GCC_OPTIMIZATION_LEVEL = 0;
				GCC_PREPROCESSOR_DEFINITIONS = (
					"DEBUG=1",
					"$(inherited)",
				);
				GCC_SYMBOLS_PRIVATE_EXTERN = NO;
				GCC_WARN_64_TO_32_BIT_CONVERSION = YES;
				GCC_WARN_ABOUT_RETURN_TYPE = YES_ERROR;
				GCC_WARN_UNDECLARED_SELECTOR = YES;
				GCC_WARN_UNINITIALIZED_AUTOS = YES_AGGRESSIVE;
				GCC_WARN_UNUSED_FUNCTION = YES;
				GCC_WARN_UNUSED_VARIABLE = YES;
				IPHONEOS_DEPLOYMENT_TARGET = 8.1;
				MTL_ENABLE_DEBUG_INFO = YES;
				ONLY_ACTIVE_ARCH = YES;
				SDKROOT = iphoneos;
				SWIFT_OPTIMIZATION_LEVEL = "-Onone";
				TARGETED_DEVICE_FAMILY = "1,2";
			};
			name = Debug;
		};
		2B7FE07F1A17C8B300F0FABC /* Release */ = {
			isa = XCBuildConfiguration;
			buildSettings = {
				ALWAYS_SEARCH_USER_PATHS = NO;
				CLANG_CXX_LANGUAGE_STANDARD = "gnu++0x";
				CLANG_CXX_LIBRARY = "libc++";
				CLANG_ENABLE_MODULES = YES;
				CLANG_ENABLE_OBJC_ARC = YES;
				CLANG_WARN_BOOL_CONVERSION = YES;
				CLANG_WARN_CONSTANT_CONVERSION = YES;
				CLANG_WARN_DIRECT_OBJC_ISA_USAGE = YES_ERROR;
				CLANG_WARN_EMPTY_BODY = YES;
				CLANG_WARN_ENUM_CONVERSION = YES;
				CLANG_WARN_INT_CONVERSION = YES;
				CLANG_WARN_OBJC_ROOT_CLASS = YES_ERROR;
				CLANG_WARN_UNREACHABLE_CODE = YES;
				CLANG_WARN__DUPLICATE_METHOD_MATCH = YES;
				"CODE_SIGN_IDENTITY[sdk=iphoneos*]" = "iPhone Developer";
				COPY_PHASE_STRIP = YES;
				ENABLE_NS_ASSERTIONS = NO;
				ENABLE_STRICT_OBJC_MSGSEND = YES;
				GCC_C_LANGUAGE_STANDARD = gnu99;
				GCC_WARN_64_TO_32_BIT_CONVERSION = YES;
				GCC_WARN_ABOUT_RETURN_TYPE = YES_ERROR;
				GCC_WARN_UNDECLARED_SELECTOR = YES;
				GCC_WARN_UNINITIALIZED_AUTOS = YES_AGGRESSIVE;
				GCC_WARN_UNUSED_FUNCTION = YES;
				GCC_WARN_UNUSED_VARIABLE = YES;
				IPHONEOS_DEPLOYMENT_TARGET = 8.1;
				MTL_ENABLE_DEBUG_INFO = NO;
				SDKROOT = iphoneos;
				TARGETED_DEVICE_FAMILY = "1,2";
				VALIDATE_PRODUCT = YES;
			};
			name = Release;
		};
		2B7FE0811A17C8B300F0FABC /* Debug */ = {
			isa = XCBuildConfiguration;
			buildSettings = {
				ASSETCATALOG_COMPILER_APPICON_NAME = AppIcon;
				INFOPLIST_FILE = ComTest_Swift/Info.plist;
				LD_RUNPATH_SEARCH_PATHS = "$(inherited) @executable_path/Frameworks";
				OTHER_SWIFT_FLAGS = "-D DEBUG";
				PRODUCT_NAME = "$(TARGET_NAME)";
			};
			name = Debug;
		};
		2B7FE0821A17C8B300F0FABC /* Release */ = {
			isa = XCBuildConfiguration;
			buildSettings = {
				ASSETCATALOG_COMPILER_APPICON_NAME = AppIcon;
				INFOPLIST_FILE = ComTest_Swift/Info.plist;
				LD_RUNPATH_SEARCH_PATHS = "$(inherited) @executable_path/Frameworks";
				PRODUCT_NAME = "$(TARGET_NAME)";
			};
			name = Release;
		};
		2B7FE0841A17C8B300F0FABC /* Debug */ = {
			isa = XCBuildConfiguration;
			buildSettings = {
				BUNDLE_LOADER = "$(TEST_HOST)";
				FRAMEWORK_SEARCH_PATHS = (
					"$(SDKROOT)/Developer/Library/Frameworks",
					"$(inherited)",
				);
				GCC_PREPROCESSOR_DEFINITIONS = (
					"DEBUG=1",
					"$(inherited)",
				);
				INFOPLIST_FILE = ComTest_SwiftTests/Info.plist;
				LD_RUNPATH_SEARCH_PATHS = "$(inherited) @executable_path/Frameworks @loader_path/Frameworks";
				PRODUCT_NAME = "$(TARGET_NAME)";
				TEST_HOST = "$(BUILT_PRODUCTS_DIR)/ComTest_Swift.app/ComTest_Swift";
			};
			name = Debug;
		};
		2B7FE0851A17C8B300F0FABC /* Release */ = {
			isa = XCBuildConfiguration;
			buildSettings = {
				BUNDLE_LOADER = "$(TEST_HOST)";
				FRAMEWORK_SEARCH_PATHS = (
					"$(SDKROOT)/Developer/Library/Frameworks",
					"$(inherited)",
				);
				INFOPLIST_FILE = ComTest_SwiftTests/Info.plist;
				LD_RUNPATH_SEARCH_PATHS = "$(inherited) @executable_path/Frameworks @loader_path/Frameworks";
				PRODUCT_NAME = "$(TARGET_NAME)";
				TEST_HOST = "$(BUILT_PRODUCTS_DIR)/ComTest_Swift.app/ComTest_Swift";
			};
			name = Release;
		};
/* End XCBuildConfiguration section */

/* Begin XCConfigurationList section */
		2B7FE05C1A17C8B200F0FABC /* Build configuration list for PBXProject "ComTest_Swift" */ = {
			isa = XCConfigurationList;
			buildConfigurations = (
				2B7FE07E1A17C8B300F0FABC /* Debug */,
				2B7FE07F1A17C8B300F0FABC /* Release */,
			);
			defaultConfigurationIsVisible = 0;
			defaultConfigurationName = Release;
		};
		2B7FE0801A17C8B300F0FABC /* Build configuration list for PBXNativeTarget "ComTest_Swift" */ = {
			isa = XCConfigurationList;
			buildConfigurations = (
				2B7FE0811A17C8B300F0FABC /* Debug */,
				2B7FE0821A17C8B300F0FABC /* Release */,
			);
			defaultConfigurationIsVisible = 0;
		};
		2B7FE0831A17C8B300F0FABC /* Build configuration list for PBXNativeTarget "ComTest_SwiftTests" */ = {
			isa = XCConfigurationList;
			buildConfigurations = (
				2B7FE0841A17C8B300F0FABC /* Debug */,
				2B7FE0851A17C8B300F0FABC /* Release */,
			);
			defaultConfigurationIsVisible = 0;
		};
/* End XCConfigurationList section */
	};
	rootObject = 2B7FE0591A17C8B200F0FABC /* Project object */;
}
