// !$*UTF8*$!
{
	archiveVersion = 1;
	classes = {
	};
	objectVersion = 46;
	objects = {

/* Begin PBXBuildFile section */
		B408DB36194D339300B77CD5 /* Foundation.framework in Frameworks */ = {isa = PBXBuildFile; fileRef = B408DB35194D339200B77CD5 /* Foundation.framework */; };
		B408DB38194D339300B77CD5 /* CoreGraphics.framework in Frameworks */ = {isa = PBXBuildFile; fileRef = B408DB37194D339300B77CD5 /* CoreGraphics.framework */; };
		B408DB3A194D339300B77CD5 /* UIKit.framework in Frameworks */ = {isa = PBXBuildFile; fileRef = B408DB39194D339300B77CD5 /* UIKit.framework */; };
		B408DB3C194D339300B77CD5 /* GLKit.framework in Frameworks */ = {isa = PBXBuildFile; fileRef = B408DB3B194D339300B77CD5 /* GLKit.framework */; };
		B408DB3E194D339300B77CD5 /* OpenGLES.framework in Frameworks */ = {isa = PBXBuildFile; fileRef = B408DB3D194D339300B77CD5 /* OpenGLES.framework */; };
		B408DB44194D339300B77CD5 /* InfoPlist.strings in Resources */ = {isa = PBXBuildFile; fileRef = B408DB42194D339300B77CD5 /* InfoPlist.strings */; };
		B408DB46194D339300B77CD5 /* main.m in Sources */ = {isa = PBXBuildFile; fileRef = B408DB45194D339300B77CD5 /* main.m */; };
		B408DB4A194D339300B77CD5 /* AppDelegate.m in Sources */ = {isa = PBXBuildFile; fileRef = B408DB49194D339300B77CD5 /* AppDelegate.m */; };
		B408DB4D194D339300B77CD5 /* Main_iPhone.storyboard in Resources */ = {isa = PBXBuildFile; fileRef = B408DB4B194D339300B77CD5 /* Main_iPhone.storyboard */; };
		B408DB50194D339300B77CD5 /* Main_iPad.storyboard in Resources */ = {isa = PBXBuildFile; fileRef = B408DB4E194D339300B77CD5 /* Main_iPad.storyboard */; };
		B408DB52194D339300B77CD5 /* Shader.fsh in Resources */ = {isa = PBXBuildFile; fileRef = B408DB51194D339300B77CD5 /* Shader.fsh */; };
		B408DB54194D339300B77CD5 /* Shader.vsh in Resources */ = {isa = PBXBuildFile; fileRef = B408DB53194D339300B77CD5 /* Shader.vsh */; };
		B408DB57194D339300B77CD5 /* ViewController.m in Sources */ = {isa = PBXBuildFile; fileRef = B408DB56194D339300B77CD5 /* ViewController.m */; };
		B408DB59194D339300B77CD5 /* Images.xcassets in Resources */ = {isa = PBXBuildFile; fileRef = B408DB58194D339300B77CD5 /* Images.xcassets */; };
		B408DB60194D339300B77CD5 /* XCTest.framework in Frameworks */ = {isa = PBXBuildFile; fileRef = B408DB5F194D339300B77CD5 /* XCTest.framework */; };
		B408DB61194D339300B77CD5 /* Foundation.framework in Frameworks */ = {isa = PBXBuildFile; fileRef = B408DB35194D339200B77CD5 /* Foundation.framework */; };
		B408DB62194D339300B77CD5 /* UIKit.framework in Frameworks */ = {isa = PBXBuildFile; fileRef = B408DB39194D339300B77CD5 /* UIKit.framework */; };
		B408DB6A194D339300B77CD5 /* InfoPlist.strings in Resources */ = {isa = PBXBuildFile; fileRef = B408DB68194D339300B77CD5 /* InfoPlist.strings */; };
		B408DB6C194D339300B77CD5 /* FirstTrialTests.m in Sources */ = {isa = PBXBuildFile; fileRef = B408DB6B194D339300B77CD5 /* FirstTrialTests.m */; };
/* End PBXBuildFile section */

/* Begin PBXContainerItemProxy section */
		B408DB63194D339300B77CD5 /* PBXContainerItemProxy */ = {
			isa = PBXContainerItemProxy;
			containerPortal = B408DB2A194D339200B77CD5 /* Project object */;
			proxyType = 1;
			remoteGlobalIDString = B408DB31194D339200B77CD5;
			remoteInfo = FirstTrial;
		};
/* End PBXContainerItemProxy section */

/* Begin PBXFileReference section */
		B408DB32194D339200B77CD5 /* FirstTrial.app */ = {isa = PBXFileReference; explicitFileType = wrapper.application; includeInIndex = 0; path = FirstTrial.app; sourceTree = BUILT_PRODUCTS_DIR; };
		B408DB35194D339200B77CD5 /* Foundation.framework */ = {isa = PBXFileReference; lastKnownFileType = wrapper.framework; name = Foundation.framework; path = System/Library/Frameworks/Foundation.framework; sourceTree = SDKROOT; };
		B408DB37194D339300B77CD5 /* CoreGraphics.framework */ = {isa = PBXFileReference; lastKnownFileType = wrapper.framework; name = CoreGraphics.framework; path = System/Library/Frameworks/CoreGraphics.framework; sourceTree = SDKROOT; };
		B408DB39194D339300B77CD5 /* UIKit.framework */ = {isa = PBXFileReference; lastKnownFileType = wrapper.framework; name = UIKit.framework; path = System/Library/Frameworks/UIKit.framework; sourceTree = SDKROOT; };
		B408DB3B194D339300B77CD5 /* GLKit.framework */ = {isa = PBXFileReference; lastKnownFileType = wrapper.framework; name = GLKit.framework; path = System/Library/Frameworks/GLKit.framework; sourceTree = SDKROOT; };
		B408DB3D194D339300B77CD5 /* OpenGLES.framework */ = {isa = PBXFileReference; lastKnownFileType = wrapper.framework; name = OpenGLES.framework; path = System/Library/Frameworks/OpenGLES.framework; sourceTree = SDKROOT; };
		B408DB41194D339300B77CD5 /* FirstTrial-Info.plist */ = {isa = PBXFileReference; lastKnownFileType = text.plist.xml; path = "FirstTrial-Info.plist"; sourceTree = "<group>"; };
		B408DB43194D339300B77CD5 /* en */ = {isa = PBXFileReference; lastKnownFileType = text.plist.strings; name = en; path = en.lproj/InfoPlist.strings; sourceTree = "<group>"; };
		B408DB45194D339300B77CD5 /* main.m */ = {isa = PBXFileReference; lastKnownFileType = sourcecode.c.objc; path = main.m; sourceTree = "<group>"; };
		B408DB47194D339300B77CD5 /* FirstTrial-Prefix.pch */ = {isa = PBXFileReference; lastKnownFileType = sourcecode.c.h; path = "FirstTrial-Prefix.pch"; sourceTree = "<group>"; };
		B408DB48194D339300B77CD5 /* AppDelegate.h */ = {isa = PBXFileReference; lastKnownFileType = sourcecode.c.h; path = AppDelegate.h; sourceTree = "<group>"; };
		B408DB49194D339300B77CD5 /* AppDelegate.m */ = {isa = PBXFileReference; lastKnownFileType = sourcecode.c.objc; path = AppDelegate.m; sourceTree = "<group>"; };
		B408DB4C194D339300B77CD5 /* Base */ = {isa = PBXFileReference; lastKnownFileType = file.storyboard; name = Base; path = Base.lproj/Main_iPhone.storyboard; sourceTree = "<group>"; };
		B408DB4F194D339300B77CD5 /* Base */ = {isa = PBXFileReference; lastKnownFileType = file.storyboard; name = Base; path = Base.lproj/Main_iPad.storyboard; sourceTree = "<group>"; };
		B408DB51194D339300B77CD5 /* Shader.fsh */ = {isa = PBXFileReference; lastKnownFileType = sourcecode.glsl; name = Shader.fsh; path = Shaders/Shader.fsh; sourceTree = "<group>"; };
		B408DB53194D339300B77CD5 /* Shader.vsh */ = {isa = PBXFileReference; lastKnownFileType = sourcecode.glsl; name = Shader.vsh; path = Shaders/Shader.vsh; sourceTree = "<group>"; };
		B408DB55194D339300B77CD5 /* ViewController.h */ = {isa = PBXFileReference; lastKnownFileType = sourcecode.c.h; path = ViewController.h; sourceTree = "<group>"; };
		B408DB56194D339300B77CD5 /* ViewController.m */ = {isa = PBXFileReference; lastKnownFileType = sourcecode.c.objc; path = ViewController.m; sourceTree = "<group>"; };
		B408DB58194D339300B77CD5 /* Images.xcassets */ = {isa = PBXFileReference; lastKnownFileType = folder.assetcatalog; path = Images.xcassets; sourceTree = "<group>"; };
		B408DB5E194D339300B77CD5 /* FirstTrialTests.xctest */ = {isa = PBXFileReference; explicitFileType = wrapper.cfbundle; includeInIndex = 0; path = FirstTrialTests.xctest; sourceTree = BUILT_PRODUCTS_DIR; };
		B408DB5F194D339300B77CD5 /* XCTest.framework */ = {isa = PBXFileReference; lastKnownFileType = wrapper.framework; name = XCTest.framework; path = Library/Frameworks/XCTest.framework; sourceTree = DEVELOPER_DIR; };
		B408DB67194D339300B77CD5 /* FirstTrialTests-Info.plist */ = {isa = PBXFileReference; lastKnownFileType = text.plist.xml; path = "FirstTrialTests-Info.plist"; sourceTree = "<group>"; };
		B408DB69194D339300B77CD5 /* en */ = {isa = PBXFileReference; lastKnownFileType = text.plist.strings; name = en; path = en.lproj/InfoPlist.strings; sourceTree = "<group>"; };
		B408DB6B194D339300B77CD5 /* FirstTrialTests.m */ = {isa = PBXFileReference; lastKnownFileType = sourcecode.c.objc; path = FirstTrialTests.m; sourceTree = "<group>"; };
/* End PBXFileReference section */

/* Begin PBXFrameworksBuildPhase section */
		B408DB2F194D339200B77CD5 /* Frameworks */ = {
			isa = PBXFrameworksBuildPhase;
			buildActionMask = 2147483647;
			files = (
				B408DB3E194D339300B77CD5 /* OpenGLES.framework in Frameworks */,
				B408DB38194D339300B77CD5 /* CoreGraphics.framework in Frameworks */,
				B408DB3A194D339300B77CD5 /* UIKit.framework in Frameworks */,
				B408DB3C194D339300B77CD5 /* GLKit.framework in Frameworks */,
				B408DB36194D339300B77CD5 /* Foundation.framework in Frameworks */,
			);
			runOnlyForDeploymentPostprocessing = 0;
		};
		B408DB5B194D339300B77CD5 /* Frameworks */ = {
			isa = PBXFrameworksBuildPhase;
			buildActionMask = 2147483647;
			files = (
				B408DB60194D339300B77CD5 /* XCTest.framework in Frameworks */,
				B408DB62194D339300B77CD5 /* UIKit.framework in Frameworks */,
				B408DB61194D339300B77CD5 /* Foundation.framework in Frameworks */,
			);
			runOnlyForDeploymentPostprocessing = 0;
		};
/* End PBXFrameworksBuildPhase section */

/* Begin PBXGroup section */
		B408DB29194D339200B77CD5 = {
			isa = PBXGroup;
			children = (
				B408DB3F194D339300B77CD5 /* FirstTrial */,
				B408DB65194D339300B77CD5 /* FirstTrialTests */,
				B408DB34194D339200B77CD5 /* Frameworks */,
				B408DB33194D339200B77CD5 /* Products */,
			);
			sourceTree = "<group>";
		};
		B408DB33194D339200B77CD5 /* Products */ = {
			isa = PBXGroup;
			children = (
				B408DB32194D339200B77CD5 /* FirstTrial.app */,
				B408DB5E194D339300B77CD5 /* FirstTrialTests.xctest */,
			);
			name = Products;
			sourceTree = "<group>";
		};
		B408DB34194D339200B77CD5 /* Frameworks */ = {
			isa = PBXGroup;
			children = (
				B408DB35194D339200B77CD5 /* Foundation.framework */,
				B408DB37194D339300B77CD5 /* CoreGraphics.framework */,
				B408DB39194D339300B77CD5 /* UIKit.framework */,
				B408DB3B194D339300B77CD5 /* GLKit.framework */,
				B408DB3D194D339300B77CD5 /* OpenGLES.framework */,
				B408DB5F194D339300B77CD5 /* XCTest.framework */,
			);
			name = Frameworks;
			sourceTree = "<group>";
		};
		B408DB3F194D339300B77CD5 /* FirstTrial */ = {
			isa = PBXGroup;
			children = (
				B408DB48194D339300B77CD5 /* AppDelegate.h */,
				B408DB49194D339300B77CD5 /* AppDelegate.m */,
				B408DB4B194D339300B77CD5 /* Main_iPhone.storyboard */,
				B408DB4E194D339300B77CD5 /* Main_iPad.storyboard */,
				B408DB51194D339300B77CD5 /* Shader.fsh */,
				B408DB53194D339300B77CD5 /* Shader.vsh */,
				B408DB55194D339300B77CD5 /* ViewController.h */,
				B408DB56194D339300B77CD5 /* ViewController.m */,
				B408DB58194D339300B77CD5 /* Images.xcassets */,
				B408DB40194D339300B77CD5 /* Supporting Files */,
			);
			path = FirstTrial;
			sourceTree = "<group>";
		};
		B408DB40194D339300B77CD5 /* Supporting Files */ = {
			isa = PBXGroup;
			children = (
				B408DB41194D339300B77CD5 /* FirstTrial-Info.plist */,
				B408DB42194D339300B77CD5 /* InfoPlist.strings */,
				B408DB45194D339300B77CD5 /* main.m */,
				B408DB47194D339300B77CD5 /* FirstTrial-Prefix.pch */,
			);
			name = "Supporting Files";
			sourceTree = "<group>";
		};
		B408DB65194D339300B77CD5 /* FirstTrialTests */ = {
			isa = PBXGroup;
			children = (
				B408DB6B194D339300B77CD5 /* FirstTrialTests.m */,
				B408DB66194D339300B77CD5 /* Supporting Files */,
			);
			path = FirstTrialTests;
			sourceTree = "<group>";
		};
		B408DB66194D339300B77CD5 /* Supporting Files */ = {
			isa = PBXGroup;
			children = (
				B408DB67194D339300B77CD5 /* FirstTrialTests-Info.plist */,
				B408DB68194D339300B77CD5 /* InfoPlist.strings */,
			);
			name = "Supporting Files";
			sourceTree = "<group>";
		};
/* End PBXGroup section */

/* Begin PBXNativeTarget section */
		B408DB31194D339200B77CD5 /* FirstTrial */ = {
			isa = PBXNativeTarget;
			buildConfigurationList = B408DB6F194D339300B77CD5 /* Build configuration list for PBXNativeTarget "FirstTrial" */;
			buildPhases = (
				B408DB2E194D339200B77CD5 /* Sources */,
				B408DB2F194D339200B77CD5 /* Frameworks */,
				B408DB30194D339200B77CD5 /* Resources */,
			);
			buildRules = (
			);
			dependencies = (
			);
			name = FirstTrial;
			productName = FirstTrial;
			productReference = B408DB32194D339200B77CD5 /* FirstTrial.app */;
			productType = "com.apple.product-type.application";
		};
		B408DB5D194D339300B77CD5 /* FirstTrialTests */ = {
			isa = PBXNativeTarget;
			buildConfigurationList = B408DB72194D339300B77CD5 /* Build configuration list for PBXNativeTarget "FirstTrialTests" */;
			buildPhases = (
				B408DB5A194D339300B77CD5 /* Sources */,
				B408DB5B194D339300B77CD5 /* Frameworks */,
				B408DB5C194D339300B77CD5 /* Resources */,
			);
			buildRules = (
			);
			dependencies = (
				B408DB64194D339300B77CD5 /* PBXTargetDependency */,
			);
			name = FirstTrialTests;
			productName = FirstTrialTests;
			productReference = B408DB5E194D339300B77CD5 /* FirstTrialTests.xctest */;
			productType = "com.apple.product-type.bundle.unit-test";
		};
/* End PBXNativeTarget section */

/* Begin PBXProject section */
		B408DB2A194D339200B77CD5 /* Project object */ = {
			isa = PBXProject;
			attributes = {
				LastUpgradeCheck = 0510;
				ORGANIZATIONNAME = msyk.net;
				TargetAttributes = {
					B408DB5D194D339300B77CD5 = {
						TestTargetID = B408DB31194D339200B77CD5;
					};
				};
			};
			buildConfigurationList = B408DB2D194D339200B77CD5 /* Build configuration list for PBXProject "FirstTrial" */;
			compatibilityVersion = "Xcode 3.2";
			developmentRegion = English;
			hasScannedForEncodings = 0;
			knownRegions = (
				en,
				Base,
			);
			mainGroup = B408DB29194D339200B77CD5;
			productRefGroup = B408DB33194D339200B77CD5 /* Products */;
			projectDirPath = "";
			projectRoot = "";
			targets = (
				B408DB31194D339200B77CD5 /* FirstTrial */,
				B408DB5D194D339300B77CD5 /* FirstTrialTests */,
			);
		};
/* End PBXProject section */

/* Begin PBXResourcesBuildPhase section */
		B408DB30194D339200B77CD5 /* Resources */ = {
			isa = PBXResourcesBuildPhase;
			buildActionMask = 2147483647;
			files = (
				B408DB52194D339300B77CD5 /* Shader.fsh in Resources */,
				B408DB50194D339300B77CD5 /* Main_iPad.storyboard in Resources */,
				B408DB4D194D339300B77CD5 /* Main_iPhone.storyboard in Resources */,
				B408DB59194D339300B77CD5 /* Images.xcassets in Resources */,
				B408DB44194D339300B77CD5 /* InfoPlist.strings in Resources */,
				B408DB54194D339300B77CD5 /* Shader.vsh in Resources */,
			);
			runOnlyForDeploymentPostprocessing = 0;
		};
		B408DB5C194D339300B77CD5 /* Resources */ = {
			isa = PBXResourcesBuildPhase;
			buildActionMask = 2147483647;
			files = (
				B408DB6A194D339300B77CD5 /* InfoPlist.strings in Resources */,
			);
			runOnlyForDeploymentPostprocessing = 0;
		};
/* End PBXResourcesBuildPhase section */

/* Begin PBXSourcesBuildPhase section */
		B408DB2E194D339200B77CD5 /* Sources */ = {
			isa = PBXSourcesBuildPhase;
			buildActionMask = 2147483647;
			files = (
				B408DB57194D339300B77CD5 /* ViewController.m in Sources */,
				B408DB4A194D339300B77CD5 /* AppDelegate.m in Sources */,
				B408DB46194D339300B77CD5 /* main.m in Sources */,
			);
			runOnlyForDeploymentPostprocessing = 0;
		};
		B408DB5A194D339300B77CD5 /* Sources */ = {
			isa = PBXSourcesBuildPhase;
			buildActionMask = 2147483647;
			files = (
				B408DB6C194D339300B77CD5 /* FirstTrialTests.m in Sources */,
			);
			runOnlyForDeploymentPostprocessing = 0;
		};
/* End PBXSourcesBuildPhase section */

/* Begin PBXTargetDependency section */
		B408DB64194D339300B77CD5 /* PBXTargetDependency */ = {
			isa = PBXTargetDependency;
			target = B408DB31194D339200B77CD5 /* FirstTrial */;
			targetProxy = B408DB63194D339300B77CD5 /* PBXContainerItemProxy */;
		};
/* End PBXTargetDependency section */

/* Begin PBXVariantGroup section */
		B408DB42194D339300B77CD5 /* InfoPlist.strings */ = {
			isa = PBXVariantGroup;
			children = (
				B408DB43194D339300B77CD5 /* en */,
			);
			name = InfoPlist.strings;
			sourceTree = "<group>";
		};
		B408DB4B194D339300B77CD5 /* Main_iPhone.storyboard */ = {
			isa = PBXVariantGroup;
			children = (
				B408DB4C194D339300B77CD5 /* Base */,
			);
			name = Main_iPhone.storyboard;
			sourceTree = "<group>";
		};
		B408DB4E194D339300B77CD5 /* Main_iPad.storyboard */ = {
			isa = PBXVariantGroup;
			children = (
				B408DB4F194D339300B77CD5 /* Base */,
			);
			name = Main_iPad.storyboard;
			sourceTree = "<group>";
		};
		B408DB68194D339300B77CD5 /* InfoPlist.strings */ = {
			isa = PBXVariantGroup;
			children = (
				B408DB69194D339300B77CD5 /* en */,
			);
			name = InfoPlist.strings;
			sourceTree = "<group>";
		};
/* End PBXVariantGroup section */

/* Begin XCBuildConfiguration section */
		B408DB6D194D339300B77CD5 /* Debug */ = {
			isa = XCBuildConfiguration;
			buildSettings = {
				ALWAYS_SEARCH_USER_PATHS = NO;
				CLANG_CXX_LANGUAGE_STANDARD = "gnu++0x";
				CLANG_CXX_LIBRARY = "libc++";
				CLANG_ENABLE_MODULES = YES;
				CLANG_ENABLE_OBJC_ARC = YES;
				CLANG_WARN_BOOL_CONVERSION = YES;
				CLANG_WARN_CONSTANT_CONVERSION = YES;
				CLANG_WARN_DIRECT_OBJC_ISA_USAGE = YES_ERROR;
				CLANG_WARN_EMPTY_BODY = YES;
				CLANG_WARN_ENUM_CONVERSION = YES;
				CLANG_WARN_INT_CONVERSION = YES;
				CLANG_WARN_OBJC_ROOT_CLASS = YES_ERROR;
				CLANG_WARN__DUPLICATE_METHOD_MATCH = YES;
				"CODE_SIGN_IDENTITY[sdk=iphoneos*]" = "iPhone Developer";
				COPY_PHASE_STRIP = NO;
				GCC_C_LANGUAGE_STANDARD = gnu99;
				GCC_DYNAMIC_NO_PIC = NO;
				GCC_OPTIMIZATION_LEVEL = 0;
				GCC_PREPROCESSOR_DEFINITIONS = (
					"DEBUG=1",
					"$(inherited)",
				);
				GCC_SYMBOLS_PRIVATE_EXTERN = NO;
				GCC_WARN_64_TO_32_BIT_CONVERSION = YES;
				GCC_WARN_ABOUT_RETURN_TYPE = YES_ERROR;
				GCC_WARN_UNDECLARED_SELECTOR = YES;
				GCC_WARN_UNINITIALIZED_AUTOS = YES_AGGRESSIVE;
				GCC_WARN_UNUSED_FUNCTION = YES;
				GCC_WARN_UNUSED_VARIABLE = YES;
				IPHONEOS_DEPLOYMENT_TARGET = 7.1;
				ONLY_ACTIVE_ARCH = YES;
				SDKROOT = iphoneos;
				TARGETED_DEVICE_FAMILY = "1,2";
			};
			name = Debug;
		};
		B408DB6E194D339300B77CD5 /* Release */ = {
			isa = XCBuildConfiguration;
			buildSettings = {
				ALWAYS_SEARCH_USER_PATHS = NO;
				CLANG_CXX_LANGUAGE_STANDARD = "gnu++0x";
				CLANG_CXX_LIBRARY = "libc++";
				CLANG_ENABLE_MODULES = YES;
				CLANG_ENABLE_OBJC_ARC = YES;
				CLANG_WARN_BOOL_CONVERSION = YES;
				CLANG_WARN_CONSTANT_CONVERSION = YES;
				CLANG_WARN_DIRECT_OBJC_ISA_USAGE = YES_ERROR;
				CLANG_WARN_EMPTY_BODY = YES;
				CLANG_WARN_ENUM_CONVERSION = YES;
				CLANG_WARN_INT_CONVERSION = YES;
				CLANG_WARN_OBJC_ROOT_CLASS = YES_ERROR;
				CLANG_WARN__DUPLICATE_METHOD_MATCH = YES;
				"CODE_SIGN_IDENTITY[sdk=iphoneos*]" = "iPhone Developer";
				COPY_PHASE_STRIP = YES;
				ENABLE_NS_ASSERTIONS = NO;
				GCC_C_LANGUAGE_STANDARD = gnu99;
				GCC_WARN_64_TO_32_BIT_CONVERSION = YES;
				GCC_WARN_ABOUT_RETURN_TYPE = YES_ERROR;
				GCC_WARN_UNDECLARED_SELECTOR = YES;
				GCC_WARN_UNINITIALIZED_AUTOS = YES_AGGRESSIVE;
				GCC_WARN_UNUSED_FUNCTION = YES;
				GCC_WARN_UNUSED_VARIABLE = YES;
				IPHONEOS_DEPLOYMENT_TARGET = 7.1;
				SDKROOT = iphoneos;
				TARGETED_DEVICE_FAMILY = "1,2";
				VALIDATE_PRODUCT = YES;
			};
			name = Release;
		};
		B408DB70194D339300B77CD5 /* Debug */ = {
			isa = XCBuildConfiguration;
			buildSettings = {
				ASSETCATALOG_COMPILER_APPICON_NAME = AppIcon;
				ASSETCATALOG_COMPILER_LAUNCHIMAGE_NAME = LaunchImage;
				GCC_PRECOMPILE_PREFIX_HEADER = YES;
				GCC_PREFIX_HEADER = "FirstTrial/FirstTrial-Prefix.pch";
				INFOPLIST_FILE = "FirstTrial/FirstTrial-Info.plist";
				PRODUCT_NAME = "$(TARGET_NAME)";
				WRAPPER_EXTENSION = app;
			};
			name = Debug;
		};
		B408DB71194D339300B77CD5 /* Release */ = {
			isa = XCBuildConfiguration;
			buildSettings = {
				ASSETCATALOG_COMPILER_APPICON_NAME = AppIcon;
				ASSETCATALOG_COMPILER_LAUNCHIMAGE_NAME = LaunchImage;
				GCC_PRECOMPILE_PREFIX_HEADER = YES;
				GCC_PREFIX_HEADER = "FirstTrial/FirstTrial-Prefix.pch";
				INFOPLIST_FILE = "FirstTrial/FirstTrial-Info.plist";
				PRODUCT_NAME = "$(TARGET_NAME)";
				WRAPPER_EXTENSION = app;
			};
			name = Release;
		};
		B408DB73194D339300B77CD5 /* Debug */ = {
			isa = XCBuildConfiguration;
			buildSettings = {
				BUNDLE_LOADER = "$(BUILT_PRODUCTS_DIR)/FirstTrial.app/FirstTrial";
				FRAMEWORK_SEARCH_PATHS = (
					"$(SDKROOT)/Developer/Library/Frameworks",
					"$(inherited)",
					"$(DEVELOPER_FRAMEWORKS_DIR)",
				);
				GCC_PRECOMPILE_PREFIX_HEADER = YES;
				GCC_PREFIX_HEADER = "FirstTrial/FirstTrial-Prefix.pch";
				GCC_PREPROCESSOR_DEFINITIONS = (
					"DEBUG=1",
					"$(inherited)",
				);
				INFOPLIST_FILE = "FirstTrialTests/FirstTrialTests-Info.plist";
				PRODUCT_NAME = "$(TARGET_NAME)";
				TEST_HOST = "$(BUNDLE_LOADER)";
				WRAPPER_EXTENSION = xctest;
			};
			name = Debug;
		};
		B408DB74194D339300B77CD5 /* Release */ = {
			isa = XCBuildConfiguration;
			buildSettings = {
				BUNDLE_LOADER = "$(BUILT_PRODUCTS_DIR)/FirstTrial.app/FirstTrial";
				FRAMEWORK_SEARCH_PATHS = (
					"$(SDKROOT)/Developer/Library/Frameworks",
					"$(inherited)",
					"$(DEVELOPER_FRAMEWORKS_DIR)",
				);
				GCC_PRECOMPILE_PREFIX_HEADER = YES;
				GCC_PREFIX_HEADER = "FirstTrial/FirstTrial-Prefix.pch";
				INFOPLIST_FILE = "FirstTrialTests/FirstTrialTests-Info.plist";
				PRODUCT_NAME = "$(TARGET_NAME)";
				TEST_HOST = "$(BUNDLE_LOADER)";
				WRAPPER_EXTENSION = xctest;
			};
			name = Release;
		};
/* End XCBuildConfiguration section */

/* Begin XCConfigurationList section */
		B408DB2D194D339200B77CD5 /* Build configuration list for PBXProject "FirstTrial" */ = {
			isa = XCConfigurationList;
			buildConfigurations = (
				B408DB6D194D339300B77CD5 /* Debug */,
				B408DB6E194D339300B77CD5 /* Release */,
			);
			defaultConfigurationIsVisible = 0;
			defaultConfigurationName = Release;
		};
		B408DB6F194D339300B77CD5 /* Build configuration list for PBXNativeTarget "FirstTrial" */ = {
			isa = XCConfigurationList;
			buildConfigurations = (
				B408DB70194D339300B77CD5 /* Debug */,
				B408DB71194D339300B77CD5 /* Release */,
			);
			defaultConfigurationIsVisible = 0;
		};
		B408DB72194D339300B77CD5 /* Build configuration list for PBXNativeTarget "FirstTrialTests" */ = {
			isa = XCConfigurationList;
			buildConfigurations = (
				B408DB73194D339300B77CD5 /* Debug */,
				B408DB74194D339300B77CD5 /* Release */,
			);
			defaultConfigurationIsVisible = 0;
		};
/* End XCConfigurationList section */
	};
	rootObject = B408DB2A194D339200B77CD5 /* Project object */;
}
