// !$*UTF8*$!
{
	archiveVersion = 1;
	classes = {
	};
	objectVersion = 46;
	objects = {

/* Begin PBXBuildFile section */
		2B2845921870295800C9D13E /* Foundation.framework in Frameworks */ = {isa = PBXBuildFile; fileRef = 2B2845911870295800C9D13E /* Foundation.framework */; };
		2B2845941870295800C9D13E /* CoreGraphics.framework in Frameworks */ = {isa = PBXBuildFile; fileRef = 2B2845931870295800C9D13E /* CoreGraphics.framework */; };
		2B2845961870295800C9D13E /* UIKit.framework in Frameworks */ = {isa = PBXBuildFile; fileRef = 2B2845951870295800C9D13E /* UIKit.framework */; };
		2B28459C1870295800C9D13E /* InfoPlist.strings in Resources */ = {isa = PBXBuildFile; fileRef = 2B28459A1870295800C9D13E /* InfoPlist.strings */; };
		2B28459E1870295800C9D13E /* main.m in Sources */ = {isa = PBXBuildFile; fileRef = 2B28459D1870295800C9D13E /* main.m */; };
		2B2845A21870295800C9D13E /* AppDelegate.m in Sources */ = {isa = PBXBuildFile; fileRef = 2B2845A11870295800C9D13E /* AppDelegate.m */; };
		2B2845A81870295800C9D13E /* ViewController.m in Sources */ = {isa = PBXBuildFile; fileRef = 2B2845A71870295800C9D13E /* ViewController.m */; };
		2B2845AA1870295800C9D13E /* Images.xcassets in Resources */ = {isa = PBXBuildFile; fileRef = 2B2845A91870295800C9D13E /* Images.xcassets */; };
		2B2845B11870295800C9D13E /* XCTest.framework in Frameworks */ = {isa = PBXBuildFile; fileRef = 2B2845B01870295800C9D13E /* XCTest.framework */; };
		2B2845B21870295800C9D13E /* Foundation.framework in Frameworks */ = {isa = PBXBuildFile; fileRef = 2B2845911870295800C9D13E /* Foundation.framework */; };
		2B2845B31870295900C9D13E /* UIKit.framework in Frameworks */ = {isa = PBXBuildFile; fileRef = 2B2845951870295800C9D13E /* UIKit.framework */; };
		2B2845BB1870295900C9D13E /* InfoPlist.strings in Resources */ = {isa = PBXBuildFile; fileRef = 2B2845B91870295900C9D13E /* InfoPlist.strings */; };
		2B2845BD1870295900C9D13E /* OtherUIsTests.m in Sources */ = {isa = PBXBuildFile; fileRef = 2B2845BC1870295900C9D13E /* OtherUIsTests.m */; };
		2B2845C818702A8700C9D13E /* SubViewController.m in Sources */ = {isa = PBXBuildFile; fileRef = 2B2845C718702A8700C9D13E /* SubViewController.m */; };
		2BC43E671980F65400E18511 /* Main.storyboard in Resources */ = {isa = PBXBuildFile; fileRef = 2BC43E651980F65400E18511 /* Main.storyboard */; };
		2BC43E6A1980FA5D00E18511 /* MyAlertController.m in Sources */ = {isa = PBXBuildFile; fileRef = 2BC43E691980FA5D00E18511 /* MyAlertController.m */; };
/* End PBXBuildFile section */

/* Begin PBXContainerItemProxy section */
		2B2845B41870295900C9D13E /* PBXContainerItemProxy */ = {
			isa = PBXContainerItemProxy;
			containerPortal = 2B2845861870295800C9D13E /* Project object */;
			proxyType = 1;
			remoteGlobalIDString = 2B28458D1870295800C9D13E;
			remoteInfo = 2_5_OtherUIs;
		};
/* End PBXContainerItemProxy section */

/* Begin PBXFileReference section */
		2B28458E1870295800C9D13E /* OtherUIs.app */ = {isa = PBXFileReference; explicitFileType = wrapper.application; includeInIndex = 0; path = OtherUIs.app; sourceTree = BUILT_PRODUCTS_DIR; };
		2B2845911870295800C9D13E /* Foundation.framework */ = {isa = PBXFileReference; lastKnownFileType = wrapper.framework; name = Foundation.framework; path = System/Library/Frameworks/Foundation.framework; sourceTree = SDKROOT; };
		2B2845931870295800C9D13E /* CoreGraphics.framework */ = {isa = PBXFileReference; lastKnownFileType = wrapper.framework; name = CoreGraphics.framework; path = System/Library/Frameworks/CoreGraphics.framework; sourceTree = SDKROOT; };
		2B2845951870295800C9D13E /* UIKit.framework */ = {isa = PBXFileReference; lastKnownFileType = wrapper.framework; name = UIKit.framework; path = System/Library/Frameworks/UIKit.framework; sourceTree = SDKROOT; };
		2B2845991870295800C9D13E /* OtherUIs-Info.plist */ = {isa = PBXFileReference; lastKnownFileType = text.plist.xml; path = "OtherUIs-Info.plist"; sourceTree = "<group>"; };
		2B28459B1870295800C9D13E /* en */ = {isa = PBXFileReference; lastKnownFileType = text.plist.strings; name = en; path = en.lproj/InfoPlist.strings; sourceTree = "<group>"; };
		2B28459D1870295800C9D13E /* main.m */ = {isa = PBXFileReference; lastKnownFileType = sourcecode.c.objc; path = main.m; sourceTree = "<group>"; };
		2B28459F1870295800C9D13E /* OtherUIs-Prefix.pch */ = {isa = PBXFileReference; lastKnownFileType = sourcecode.c.h; path = "OtherUIs-Prefix.pch"; sourceTree = "<group>"; };
		2B2845A01870295800C9D13E /* AppDelegate.h */ = {isa = PBXFileReference; lastKnownFileType = sourcecode.c.h; path = AppDelegate.h; sourceTree = "<group>"; };
		2B2845A11870295800C9D13E /* AppDelegate.m */ = {isa = PBXFileReference; lastKnownFileType = sourcecode.c.objc; path = AppDelegate.m; sourceTree = "<group>"; };
		2B2845A61870295800C9D13E /* ViewController.h */ = {isa = PBXFileReference; lastKnownFileType = sourcecode.c.h; path = ViewController.h; sourceTree = "<group>"; };
		2B2845A71870295800C9D13E /* ViewController.m */ = {isa = PBXFileReference; lastKnownFileType = sourcecode.c.objc; path = ViewController.m; sourceTree = "<group>"; };
		2B2845A91870295800C9D13E /* Images.xcassets */ = {isa = PBXFileReference; lastKnownFileType = folder.assetcatalog; path = Images.xcassets; sourceTree = "<group>"; };
		2B2845AF1870295800C9D13E /* OtherUIsTests.xctest */ = {isa = PBXFileReference; explicitFileType = wrapper.cfbundle; includeInIndex = 0; path = OtherUIsTests.xctest; sourceTree = BUILT_PRODUCTS_DIR; };
		2B2845B01870295800C9D13E /* XCTest.framework */ = {isa = PBXFileReference; lastKnownFileType = wrapper.framework; name = XCTest.framework; path = Library/Frameworks/XCTest.framework; sourceTree = DEVELOPER_DIR; };
		2B2845B81870295900C9D13E /* 2_5_OtherUIsTests-Info.plist */ = {isa = PBXFileReference; lastKnownFileType = text.plist.xml; path = "2_5_OtherUIsTests-Info.plist"; sourceTree = "<group>"; };
		2B2845BA1870295900C9D13E /* en */ = {isa = PBXFileReference; lastKnownFileType = text.plist.strings; name = en; path = en.lproj/InfoPlist.strings; sourceTree = "<group>"; };
		2B2845BC1870295900C9D13E /* OtherUIsTests.m */ = {isa = PBXFileReference; lastKnownFileType = sourcecode.c.objc; path = OtherUIsTests.m; sourceTree = "<group>"; };
		2B2845C618702A8700C9D13E /* SubViewController.h */ = {isa = PBXFileReference; fileEncoding = 4; lastKnownFileType = sourcecode.c.h; path = SubViewController.h; sourceTree = "<group>"; };
		2B2845C718702A8700C9D13E /* SubViewController.m */ = {isa = PBXFileReference; fileEncoding = 4; lastKnownFileType = sourcecode.c.objc; path = SubViewController.m; sourceTree = "<group>"; };
		2BC43E661980F65400E18511 /* Base */ = {isa = PBXFileReference; lastKnownFileType = file.storyboard; name = Base; path = Base.lproj/Main.storyboard; sourceTree = "<group>"; };
		2BC43E681980FA5D00E18511 /* MyAlertController.h */ = {isa = PBXFileReference; fileEncoding = 4; lastKnownFileType = sourcecode.c.h; path = MyAlertController.h; sourceTree = "<group>"; };
		2BC43E691980FA5D00E18511 /* MyAlertController.m */ = {isa = PBXFileReference; fileEncoding = 4; lastKnownFileType = sourcecode.c.objc; path = MyAlertController.m; sourceTree = "<group>"; };
/* End PBXFileReference section */

/* Begin PBXFrameworksBuildPhase section */
		2B28458B1870295800C9D13E /* Frameworks */ = {
			isa = PBXFrameworksBuildPhase;
			buildActionMask = 2147483647;
			files = (
				2B2845941870295800C9D13E /* CoreGraphics.framework in Frameworks */,
				2B2845961870295800C9D13E /* UIKit.framework in Frameworks */,
				2B2845921870295800C9D13E /* Foundation.framework in Frameworks */,
			);
			runOnlyForDeploymentPostprocessing = 0;
		};
		2B2845AC1870295800C9D13E /* Frameworks */ = {
			isa = PBXFrameworksBuildPhase;
			buildActionMask = 2147483647;
			files = (
				2B2845B11870295800C9D13E /* XCTest.framework in Frameworks */,
				2B2845B31870295900C9D13E /* UIKit.framework in Frameworks */,
				2B2845B21870295800C9D13E /* Foundation.framework in Frameworks */,
			);
			runOnlyForDeploymentPostprocessing = 0;
		};
/* End PBXFrameworksBuildPhase section */

/* Begin PBXGroup section */
		2B2845851870295800C9D13E = {
			isa = PBXGroup;
			children = (
				2B2845971870295800C9D13E /* OtherUIs */,
				2B2845B61870295900C9D13E /* OtherUIsTests */,
				2B2845901870295800C9D13E /* Frameworks */,
				2B28458F1870295800C9D13E /* Products */,
			);
			sourceTree = "<group>";
		};
		2B28458F1870295800C9D13E /* Products */ = {
			isa = PBXGroup;
			children = (
				2B28458E1870295800C9D13E /* OtherUIs.app */,
				2B2845AF1870295800C9D13E /* OtherUIsTests.xctest */,
			);
			name = Products;
			sourceTree = "<group>";
		};
		2B2845901870295800C9D13E /* Frameworks */ = {
			isa = PBXGroup;
			children = (
				2B2845911870295800C9D13E /* Foundation.framework */,
				2B2845931870295800C9D13E /* CoreGraphics.framework */,
				2B2845951870295800C9D13E /* UIKit.framework */,
				2B2845B01870295800C9D13E /* XCTest.framework */,
			);
			name = Frameworks;
			sourceTree = "<group>";
		};
		2B2845971870295800C9D13E /* OtherUIs */ = {
			isa = PBXGroup;
			children = (
				2B2845A01870295800C9D13E /* AppDelegate.h */,
				2B2845A11870295800C9D13E /* AppDelegate.m */,
				2B2845C618702A8700C9D13E /* SubViewController.h */,
				2B2845C718702A8700C9D13E /* SubViewController.m */,
				2B2845A61870295800C9D13E /* ViewController.h */,
				2B2845A71870295800C9D13E /* ViewController.m */,
				2B2845A91870295800C9D13E /* Images.xcassets */,
				2BC43E651980F65400E18511 /* Main.storyboard */,
				2B2845981870295800C9D13E /* Supporting Files */,
				2BC43E681980FA5D00E18511 /* MyAlertController.h */,
				2BC43E691980FA5D00E18511 /* MyAlertController.m */,
			);
			path = OtherUIs;
			sourceTree = "<group>";
		};
		2B2845981870295800C9D13E /* Supporting Files */ = {
			isa = PBXGroup;
			children = (
				2B2845991870295800C9D13E /* OtherUIs-Info.plist */,
				2B28459A1870295800C9D13E /* InfoPlist.strings */,
				2B28459D1870295800C9D13E /* main.m */,
				2B28459F1870295800C9D13E /* OtherUIs-Prefix.pch */,
			);
			name = "Supporting Files";
			sourceTree = "<group>";
		};
		2B2845B61870295900C9D13E /* OtherUIsTests */ = {
			isa = PBXGroup;
			children = (
				2B2845BC1870295900C9D13E /* OtherUIsTests.m */,
				2B2845B71870295900C9D13E /* Supporting Files */,
			);
			path = OtherUIsTests;
			sourceTree = "<group>";
		};
		2B2845B71870295900C9D13E /* Supporting Files */ = {
			isa = PBXGroup;
			children = (
				2B2845B81870295900C9D13E /* 2_5_OtherUIsTests-Info.plist */,
				2B2845B91870295900C9D13E /* InfoPlist.strings */,
			);
			name = "Supporting Files";
			sourceTree = "<group>";
		};
/* End PBXGroup section */

/* Begin PBXNativeTarget section */
		2B28458D1870295800C9D13E /* OtherUIs */ = {
			isa = PBXNativeTarget;
			buildConfigurationList = 2B2845C01870295900C9D13E /* Build configuration list for PBXNativeTarget "OtherUIs" */;
			buildPhases = (
				2B28458A1870295800C9D13E /* Sources */,
				2B28458B1870295800C9D13E /* Frameworks */,
				2B28458C1870295800C9D13E /* Resources */,
			);
			buildRules = (
			);
			dependencies = (
			);
			name = OtherUIs;
			productName = 2_5_OtherUIs;
			productReference = 2B28458E1870295800C9D13E /* OtherUIs.app */;
			productType = "com.apple.product-type.application";
		};
		2B2845AE1870295800C9D13E /* OtherUIsTests */ = {
			isa = PBXNativeTarget;
			buildConfigurationList = 2B2845C31870295900C9D13E /* Build configuration list for PBXNativeTarget "OtherUIsTests" */;
			buildPhases = (
				2B2845AB1870295800C9D13E /* Sources */,
				2B2845AC1870295800C9D13E /* Frameworks */,
				2B2845AD1870295800C9D13E /* Resources */,
			);
			buildRules = (
			);
			dependencies = (
				2B2845B51870295900C9D13E /* PBXTargetDependency */,
			);
			name = OtherUIsTests;
			productName = 2_5_OtherUIsTests;
			productReference = 2B2845AF1870295800C9D13E /* OtherUIsTests.xctest */;
			productType = "com.apple.product-type.bundle.unit-test";
		};
/* End PBXNativeTarget section */

/* Begin PBXProject section */
		2B2845861870295800C9D13E /* Project object */ = {
			isa = PBXProject;
			attributes = {
				LastUpgradeCheck = 0600;
				ORGANIZATIONNAME = msyk.net;
				TargetAttributes = {
					2B2845AE1870295800C9D13E = {
						TestTargetID = 2B28458D1870295800C9D13E;
					};
				};
			};
			buildConfigurationList = 2B2845891870295800C9D13E /* Build configuration list for PBXProject "OtherUIs" */;
			compatibilityVersion = "Xcode 3.2";
			developmentRegion = English;
			hasScannedForEncodings = 0;
			knownRegions = (
				en,
				Base,
			);
			mainGroup = 2B2845851870295800C9D13E;
			productRefGroup = 2B28458F1870295800C9D13E /* Products */;
			projectDirPath = "";
			projectRoot = "";
			targets = (
				2B28458D1870295800C9D13E /* OtherUIs */,
				2B2845AE1870295800C9D13E /* OtherUIsTests */,
			);
		};
/* End PBXProject section */

/* Begin PBXResourcesBuildPhase section */
		2B28458C1870295800C9D13E /* Resources */ = {
			isa = PBXResourcesBuildPhase;
			buildActionMask = 2147483647;
			files = (
				2BC43E671980F65400E18511 /* Main.storyboard in Resources */,
				2B2845AA1870295800C9D13E /* Images.xcassets in Resources */,
				2B28459C1870295800C9D13E /* InfoPlist.strings in Resources */,
			);
			runOnlyForDeploymentPostprocessing = 0;
		};
		2B2845AD1870295800C9D13E /* Resources */ = {
			isa = PBXResourcesBuildPhase;
			buildActionMask = 2147483647;
			files = (
				2B2845BB1870295900C9D13E /* InfoPlist.strings in Resources */,
			);
			runOnlyForDeploymentPostprocessing = 0;
		};
/* End PBXResourcesBuildPhase section */

/* Begin PBXSourcesBuildPhase section */
		2B28458A1870295800C9D13E /* Sources */ = {
			isa = PBXSourcesBuildPhase;
			buildActionMask = 2147483647;
			files = (
				2B2845A81870295800C9D13E /* ViewController.m in Sources */,
				2B2845A21870295800C9D13E /* AppDelegate.m in Sources */,
				2B28459E1870295800C9D13E /* main.m in Sources */,
				2B2845C818702A8700C9D13E /* SubViewController.m in Sources */,
				2BC43E6A1980FA5D00E18511 /* MyAlertController.m in Sources */,
			);
			runOnlyForDeploymentPostprocessing = 0;
		};
		2B2845AB1870295800C9D13E /* Sources */ = {
			isa = PBXSourcesBuildPhase;
			buildActionMask = 2147483647;
			files = (
				2B2845BD1870295900C9D13E /* OtherUIsTests.m in Sources */,
			);
			runOnlyForDeploymentPostprocessing = 0;
		};
/* End PBXSourcesBuildPhase section */

/* Begin PBXTargetDependency section */
		2B2845B51870295900C9D13E /* PBXTargetDependency */ = {
			isa = PBXTargetDependency;
			target = 2B28458D1870295800C9D13E /* OtherUIs */;
			targetProxy = 2B2845B41870295900C9D13E /* PBXContainerItemProxy */;
		};
/* End PBXTargetDependency section */

/* Begin PBXVariantGroup section */
		2B28459A1870295800C9D13E /* InfoPlist.strings */ = {
			isa = PBXVariantGroup;
			children = (
				2B28459B1870295800C9D13E /* en */,
			);
			name = InfoPlist.strings;
			sourceTree = "<group>";
		};
		2B2845B91870295900C9D13E /* InfoPlist.strings */ = {
			isa = PBXVariantGroup;
			children = (
				2B2845BA1870295900C9D13E /* en */,
			);
			name = InfoPlist.strings;
			sourceTree = "<group>";
		};
		2BC43E651980F65400E18511 /* Main.storyboard */ = {
			isa = PBXVariantGroup;
			children = (
				2BC43E661980F65400E18511 /* Base */,
			);
			name = Main.storyboard;
			sourceTree = "<group>";
		};
/* End PBXVariantGroup section */

/* Begin XCBuildConfiguration section */
		2B2845BE1870295900C9D13E /* Debug */ = {
			isa = XCBuildConfiguration;
			buildSettings = {
				ALWAYS_SEARCH_USER_PATHS = NO;
				CLANG_CXX_LANGUAGE_STANDARD = "gnu++0x";
				CLANG_CXX_LIBRARY = "libc++";
				CLANG_ENABLE_MODULES = YES;
				CLANG_ENABLE_OBJC_ARC = YES;
				CLANG_WARN_BOOL_CONVERSION = YES;
				CLANG_WARN_CONSTANT_CONVERSION = YES;
				CLANG_WARN_DIRECT_OBJC_ISA_USAGE = YES_ERROR;
				CLANG_WARN_EMPTY_BODY = YES;
				CLANG_WARN_ENUM_CONVERSION = YES;
				CLANG_WARN_INT_CONVERSION = YES;
				CLANG_WARN_OBJC_ROOT_CLASS = YES_ERROR;
				CLANG_WARN__DUPLICATE_METHOD_MATCH = YES;
				"CODE_SIGN_IDENTITY[sdk=iphoneos*]" = "iPhone Developer";
				COPY_PHASE_STRIP = NO;
				GCC_C_LANGUAGE_STANDARD = gnu99;
				GCC_DYNAMIC_NO_PIC = NO;
				GCC_OPTIMIZATION_LEVEL = 0;
				GCC_PREPROCESSOR_DEFINITIONS = (
					"DEBUG=1",
					"$(inherited)",
				);
				GCC_SYMBOLS_PRIVATE_EXTERN = NO;
				GCC_WARN_64_TO_32_BIT_CONVERSION = YES;
				GCC_WARN_ABOUT_RETURN_TYPE = YES_ERROR;
				GCC_WARN_UNDECLARED_SELECTOR = YES;
				GCC_WARN_UNINITIALIZED_AUTOS = YES_AGGRESSIVE;
				GCC_WARN_UNUSED_FUNCTION = YES;
				GCC_WARN_UNUSED_VARIABLE = YES;
				IPHONEOS_DEPLOYMENT_TARGET = 8.0;
				ONLY_ACTIVE_ARCH = YES;
				SDKROOT = iphoneos;
			};
			name = Debug;
		};
		2B2845BF1870295900C9D13E /* Release */ = {
			isa = XCBuildConfiguration;
			buildSettings = {
				ALWAYS_SEARCH_USER_PATHS = NO;
				CLANG_CXX_LANGUAGE_STANDARD = "gnu++0x";
				CLANG_CXX_LIBRARY = "libc++";
				CLANG_ENABLE_MODULES = YES;
				CLANG_ENABLE_OBJC_ARC = YES;
				CLANG_WARN_BOOL_CONVERSION = YES;
				CLANG_WARN_CONSTANT_CONVERSION = YES;
				CLANG_WARN_DIRECT_OBJC_ISA_USAGE = YES_ERROR;
				CLANG_WARN_EMPTY_BODY = YES;
				CLANG_WARN_ENUM_CONVERSION = YES;
				CLANG_WARN_INT_CONVERSION = YES;
				CLANG_WARN_OBJC_ROOT_CLASS = YES_ERROR;
				CLANG_WARN__DUPLICATE_METHOD_MATCH = YES;
				"CODE_SIGN_IDENTITY[sdk=iphoneos*]" = "iPhone Developer";
				COPY_PHASE_STRIP = YES;
				ENABLE_NS_ASSERTIONS = NO;
				GCC_C_LANGUAGE_STANDARD = gnu99;
				GCC_WARN_64_TO_32_BIT_CONVERSION = YES;
				GCC_WARN_ABOUT_RETURN_TYPE = YES_ERROR;
				GCC_WARN_UNDECLARED_SELECTOR = YES;
				GCC_WARN_UNINITIALIZED_AUTOS = YES_AGGRESSIVE;
				GCC_WARN_UNUSED_FUNCTION = YES;
				GCC_WARN_UNUSED_VARIABLE = YES;
				IPHONEOS_DEPLOYMENT_TARGET = 8.0;
				SDKROOT = iphoneos;
				VALIDATE_PRODUCT = YES;
			};
			name = Release;
		};
		2B2845C11870295900C9D13E /* Debug */ = {
			isa = XCBuildConfiguration;
			buildSettings = {
				ASSETCATALOG_COMPILER_APPICON_NAME = AppIcon;
				ASSETCATALOG_COMPILER_LAUNCHIMAGE_NAME = LaunchImage;
				GCC_PRECOMPILE_PREFIX_HEADER = YES;
				GCC_PREFIX_HEADER = "OtherUIs/OtherUIs-Prefix.pch";
				INFOPLIST_FILE = "$(SRCROOT)/OtherUIs/OtherUIs-Info.plist";
				IPHONEOS_DEPLOYMENT_TARGET = 8.0;
				PRODUCT_NAME = OtherUIs;
				TARGETED_DEVICE_FAMILY = "1,2";
				WRAPPER_EXTENSION = app;
			};
			name = Debug;
		};
		2B2845C21870295900C9D13E /* Release */ = {
			isa = XCBuildConfiguration;
			buildSettings = {
				ASSETCATALOG_COMPILER_APPICON_NAME = AppIcon;
				ASSETCATALOG_COMPILER_LAUNCHIMAGE_NAME = LaunchImage;
				GCC_PRECOMPILE_PREFIX_HEADER = YES;
				GCC_PREFIX_HEADER = "OtherUIs/OtherUIs-Prefix.pch";
				INFOPLIST_FILE = "$(SRCROOT)/OtherUIs/OtherUIs-Info.plist";
				IPHONEOS_DEPLOYMENT_TARGET = 8.0;
				PRODUCT_NAME = OtherUIs;
				TARGETED_DEVICE_FAMILY = "1,2";
				WRAPPER_EXTENSION = app;
			};
			name = Release;
		};
		2B2845C41870295900C9D13E /* Debug */ = {
			isa = XCBuildConfiguration;
			buildSettings = {
				BUNDLE_LOADER = "$(BUILT_PRODUCTS_DIR)/OtherUIs.app/OtherUIs";
				FRAMEWORK_SEARCH_PATHS = (
					"$(SDKROOT)/Developer/Library/Frameworks",
					"$(inherited)",
					"$(DEVELOPER_FRAMEWORKS_DIR)",
				);
				GCC_PRECOMPILE_PREFIX_HEADER = YES;
				GCC_PREFIX_HEADER = "OtherUIs/OtherUIs-Prefix.pch";
				GCC_PREPROCESSOR_DEFINITIONS = (
					"DEBUG=1",
					"$(inherited)",
				);
				INFOPLIST_FILE = "OtherUIsTests/OtherUIsTests-Info.plist";
				PRODUCT_NAME = OtherUIsTests;
				TEST_HOST = "$(BUNDLE_LOADER)";
				WRAPPER_EXTENSION = xctest;
			};
			name = Debug;
		};
		2B2845C51870295900C9D13E /* Release */ = {
			isa = XCBuildConfiguration;
			buildSettings = {
				BUNDLE_LOADER = "$(BUILT_PRODUCTS_DIR)/OtherUIs.app/OtherUIs";
				FRAMEWORK_SEARCH_PATHS = (
					"$(SDKROOT)/Developer/Library/Frameworks",
					"$(inherited)",
					"$(DEVELOPER_FRAMEWORKS_DIR)",
				);
				GCC_PRECOMPILE_PREFIX_HEADER = YES;
				GCC_PREFIX_HEADER = "OtherUIs/OtherUIs-Prefix.pch";
				INFOPLIST_FILE = "OtherUIsTests/OtherUIsTests-Info.plist";
				PRODUCT_NAME = OtherUIsTests;
				TEST_HOST = "$(BUNDLE_LOADER)";
				WRAPPER_EXTENSION = xctest;
			};
			name = Release;
		};
/* End XCBuildConfiguration section */

/* Begin XCConfigurationList section */
		2B2845891870295800C9D13E /* Build configuration list for PBXProject "OtherUIs" */ = {
			isa = XCConfigurationList;
			buildConfigurations = (
				2B2845BE1870295900C9D13E /* Debug */,
				2B2845BF1870295900C9D13E /* Release */,
			);
			defaultConfigurationIsVisible = 0;
			defaultConfigurationName = Release;
		};
		2B2845C01870295900C9D13E /* Build configuration list for PBXNativeTarget "OtherUIs" */ = {
			isa = XCConfigurationList;
			buildConfigurations = (
				2B2845C11870295900C9D13E /* Debug */,
				2B2845C21870295900C9D13E /* Release */,
			);
			defaultConfigurationIsVisible = 0;
			defaultConfigurationName = Release;
		};
		2B2845C31870295900C9D13E /* Build configuration list for PBXNativeTarget "OtherUIsTests" */ = {
			isa = XCConfigurationList;
			buildConfigurations = (
				2B2845C41870295900C9D13E /* Debug */,
				2B2845C51870295900C9D13E /* Release */,
			);
			defaultConfigurationIsVisible = 0;
			defaultConfigurationName = Release;
		};
/* End XCConfigurationList section */
	};
	rootObject = 2B2845861870295800C9D13E /* Project object */;
}
