// !$*UTF8*$!
{
	archiveVersion = 1;
	classes = {
	};
	objectVersion = 46;
	objects = {

/* Begin PBXBuildFile section */
		2BF6E351196FC8A2002B266E /* Foundation.framework in Frameworks */ = {isa = PBXBuildFile; fileRef = 2BF6E350196FC8A2002B266E /* Foundation.framework */; };
		2BF6E353196FC8A2002B266E /* CoreGraphics.framework in Frameworks */ = {isa = PBXBuildFile; fileRef = 2BF6E352196FC8A2002B266E /* CoreGraphics.framework */; };
		2BF6E355196FC8A2002B266E /* UIKit.framework in Frameworks */ = {isa = PBXBuildFile; fileRef = 2BF6E354196FC8A2002B266E /* UIKit.framework */; };
		2BF6E35B196FC8A2002B266E /* InfoPlist.strings in Resources */ = {isa = PBXBuildFile; fileRef = 2BF6E359196FC8A2002B266E /* InfoPlist.strings */; };
		2BF6E35D196FC8A2002B266E /* main.m in Sources */ = {isa = PBXBuildFile; fileRef = 2BF6E35C196FC8A2002B266E /* main.m */; };
		2BF6E361196FC8A2002B266E /* AppDelegate.m in Sources */ = {isa = PBXBuildFile; fileRef = 2BF6E360196FC8A2002B266E /* AppDelegate.m */; };
		2BF6E364196FC8A2002B266E /* Main.storyboard in Resources */ = {isa = PBXBuildFile; fileRef = 2BF6E362196FC8A2002B266E /* Main.storyboard */; };
		2BF6E367196FC8A2002B266E /* ViewController.m in Sources */ = {isa = PBXBuildFile; fileRef = 2BF6E366196FC8A2002B266E /* ViewController.m */; };
		2BF6E369196FC8A2002B266E /* Images.xcassets in Resources */ = {isa = PBXBuildFile; fileRef = 2BF6E368196FC8A2002B266E /* Images.xcassets */; };
		2BF6E370196FC8A2002B266E /* XCTest.framework in Frameworks */ = {isa = PBXBuildFile; fileRef = 2BF6E36F196FC8A2002B266E /* XCTest.framework */; };
		2BF6E371196FC8A2002B266E /* Foundation.framework in Frameworks */ = {isa = PBXBuildFile; fileRef = 2BF6E350196FC8A2002B266E /* Foundation.framework */; };
		2BF6E372196FC8A2002B266E /* UIKit.framework in Frameworks */ = {isa = PBXBuildFile; fileRef = 2BF6E354196FC8A2002B266E /* UIKit.framework */; };
		2BF6E37A196FC8A2002B266E /* InfoPlist.strings in Resources */ = {isa = PBXBuildFile; fileRef = 2BF6E378196FC8A2002B266E /* InfoPlist.strings */; };
		2BF6E37C196FC8A2002B266E /* __2_SelfInBlockTests.m in Sources */ = {isa = PBXBuildFile; fileRef = 2BF6E37B196FC8A2002B266E /* __2_SelfInBlockTests.m */; };
/* End PBXBuildFile section */

/* Begin PBXContainerItemProxy section */
		2BF6E373196FC8A2002B266E /* PBXContainerItemProxy */ = {
			isa = PBXContainerItemProxy;
			containerPortal = 2BF6E345196FC8A2002B266E /* Project object */;
			proxyType = 1;
			remoteGlobalIDString = 2BF6E34C196FC8A2002B266E;
			remoteInfo = 1_2_SelfInBlock;
		};
/* End PBXContainerItemProxy section */

/* Begin PBXFileReference section */
		2BF6E34D196FC8A2002B266E /* 1_2_SelfInBlock.app */ = {isa = PBXFileReference; explicitFileType = wrapper.application; includeInIndex = 0; path = 1_2_SelfInBlock.app; sourceTree = BUILT_PRODUCTS_DIR; };
		2BF6E350196FC8A2002B266E /* Foundation.framework */ = {isa = PBXFileReference; lastKnownFileType = wrapper.framework; name = Foundation.framework; path = System/Library/Frameworks/Foundation.framework; sourceTree = SDKROOT; };
		2BF6E352196FC8A2002B266E /* CoreGraphics.framework */ = {isa = PBXFileReference; lastKnownFileType = wrapper.framework; name = CoreGraphics.framework; path = System/Library/Frameworks/CoreGraphics.framework; sourceTree = SDKROOT; };
		2BF6E354196FC8A2002B266E /* UIKit.framework */ = {isa = PBXFileReference; lastKnownFileType = wrapper.framework; name = UIKit.framework; path = System/Library/Frameworks/UIKit.framework; sourceTree = SDKROOT; };
		2BF6E358196FC8A2002B266E /* 1_2_SelfInBlock-Info.plist */ = {isa = PBXFileReference; lastKnownFileType = text.plist.xml; path = "1_2_SelfInBlock-Info.plist"; sourceTree = "<group>"; };
		2BF6E35A196FC8A2002B266E /* en */ = {isa = PBXFileReference; lastKnownFileType = text.plist.strings; name = en; path = en.lproj/InfoPlist.strings; sourceTree = "<group>"; };
		2BF6E35C196FC8A2002B266E /* main.m */ = {isa = PBXFileReference; lastKnownFileType = sourcecode.c.objc; path = main.m; sourceTree = "<group>"; };
		2BF6E35E196FC8A2002B266E /* 1_2_SelfInBlock-Prefix.pch */ = {isa = PBXFileReference; lastKnownFileType = sourcecode.c.h; path = "1_2_SelfInBlock-Prefix.pch"; sourceTree = "<group>"; };
		2BF6E35F196FC8A2002B266E /* AppDelegate.h */ = {isa = PBXFileReference; lastKnownFileType = sourcecode.c.h; path = AppDelegate.h; sourceTree = "<group>"; };
		2BF6E360196FC8A2002B266E /* AppDelegate.m */ = {isa = PBXFileReference; lastKnownFileType = sourcecode.c.objc; path = AppDelegate.m; sourceTree = "<group>"; };
		2BF6E363196FC8A2002B266E /* Base */ = {isa = PBXFileReference; lastKnownFileType = file.storyboard; name = Base; path = Base.lproj/Main.storyboard; sourceTree = "<group>"; };
		2BF6E365196FC8A2002B266E /* ViewController.h */ = {isa = PBXFileReference; lastKnownFileType = sourcecode.c.h; path = ViewController.h; sourceTree = "<group>"; };
		2BF6E366196FC8A2002B266E /* ViewController.m */ = {isa = PBXFileReference; lastKnownFileType = sourcecode.c.objc; path = ViewController.m; sourceTree = "<group>"; };
		2BF6E368196FC8A2002B266E /* Images.xcassets */ = {isa = PBXFileReference; lastKnownFileType = folder.assetcatalog; path = Images.xcassets; sourceTree = "<group>"; };
		2BF6E36E196FC8A2002B266E /* 1_2_SelfInBlockTests.xctest */ = {isa = PBXFileReference; explicitFileType = wrapper.cfbundle; includeInIndex = 0; path = 1_2_SelfInBlockTests.xctest; sourceTree = BUILT_PRODUCTS_DIR; };
		2BF6E36F196FC8A2002B266E /* XCTest.framework */ = {isa = PBXFileReference; lastKnownFileType = wrapper.framework; name = XCTest.framework; path = Library/Frameworks/XCTest.framework; sourceTree = DEVELOPER_DIR; };
		2BF6E377196FC8A2002B266E /* 1_2_SelfInBlockTests-Info.plist */ = {isa = PBXFileReference; lastKnownFileType = text.plist.xml; path = "1_2_SelfInBlockTests-Info.plist"; sourceTree = "<group>"; };
		2BF6E379196FC8A2002B266E /* en */ = {isa = PBXFileReference; lastKnownFileType = text.plist.strings; name = en; path = en.lproj/InfoPlist.strings; sourceTree = "<group>"; };
		2BF6E37B196FC8A2002B266E /* __2_SelfInBlockTests.m */ = {isa = PBXFileReference; lastKnownFileType = sourcecode.c.objc; path = __2_SelfInBlockTests.m; sourceTree = "<group>"; };
/* End PBXFileReference section */

/* Begin PBXFrameworksBuildPhase section */
		2BF6E34A196FC8A2002B266E /* Frameworks */ = {
			isa = PBXFrameworksBuildPhase;
			buildActionMask = 2147483647;
			files = (
				2BF6E353196FC8A2002B266E /* CoreGraphics.framework in Frameworks */,
				2BF6E355196FC8A2002B266E /* UIKit.framework in Frameworks */,
				2BF6E351196FC8A2002B266E /* Foundation.framework in Frameworks */,
			);
			runOnlyForDeploymentPostprocessing = 0;
		};
		2BF6E36B196FC8A2002B266E /* Frameworks */ = {
			isa = PBXFrameworksBuildPhase;
			buildActionMask = 2147483647;
			files = (
				2BF6E370196FC8A2002B266E /* XCTest.framework in Frameworks */,
				2BF6E372196FC8A2002B266E /* UIKit.framework in Frameworks */,
				2BF6E371196FC8A2002B266E /* Foundation.framework in Frameworks */,
			);
			runOnlyForDeploymentPostprocessing = 0;
		};
/* End PBXFrameworksBuildPhase section */

/* Begin PBXGroup section */
		2BF6E344196FC8A2002B266E = {
			isa = PBXGroup;
			children = (
				2BF6E356196FC8A2002B266E /* 1_2_SelfInBlock */,
				2BF6E375196FC8A2002B266E /* 1_2_SelfInBlockTests */,
				2BF6E34F196FC8A2002B266E /* Frameworks */,
				2BF6E34E196FC8A2002B266E /* Products */,
			);
			sourceTree = "<group>";
		};
		2BF6E34E196FC8A2002B266E /* Products */ = {
			isa = PBXGroup;
			children = (
				2BF6E34D196FC8A2002B266E /* 1_2_SelfInBlock.app */,
				2BF6E36E196FC8A2002B266E /* 1_2_SelfInBlockTests.xctest */,
			);
			name = Products;
			sourceTree = "<group>";
		};
		2BF6E34F196FC8A2002B266E /* Frameworks */ = {
			isa = PBXGroup;
			children = (
				2BF6E350196FC8A2002B266E /* Foundation.framework */,
				2BF6E352196FC8A2002B266E /* CoreGraphics.framework */,
				2BF6E354196FC8A2002B266E /* UIKit.framework */,
				2BF6E36F196FC8A2002B266E /* XCTest.framework */,
			);
			name = Frameworks;
			sourceTree = "<group>";
		};
		2BF6E356196FC8A2002B266E /* 1_2_SelfInBlock */ = {
			isa = PBXGroup;
			children = (
				2BF6E35F196FC8A2002B266E /* AppDelegate.h */,
				2BF6E360196FC8A2002B266E /* AppDelegate.m */,
				2BF6E362196FC8A2002B266E /* Main.storyboard */,
				2BF6E365196FC8A2002B266E /* ViewController.h */,
				2BF6E366196FC8A2002B266E /* ViewController.m */,
				2BF6E368196FC8A2002B266E /* Images.xcassets */,
				2BF6E357196FC8A2002B266E /* Supporting Files */,
			);
			path = 1_2_SelfInBlock;
			sourceTree = "<group>";
		};
		2BF6E357196FC8A2002B266E /* Supporting Files */ = {
			isa = PBXGroup;
			children = (
				2BF6E358196FC8A2002B266E /* 1_2_SelfInBlock-Info.plist */,
				2BF6E359196FC8A2002B266E /* InfoPlist.strings */,
				2BF6E35C196FC8A2002B266E /* main.m */,
				2BF6E35E196FC8A2002B266E /* 1_2_SelfInBlock-Prefix.pch */,
			);
			name = "Supporting Files";
			sourceTree = "<group>";
		};
		2BF6E375196FC8A2002B266E /* 1_2_SelfInBlockTests */ = {
			isa = PBXGroup;
			children = (
				2BF6E37B196FC8A2002B266E /* __2_SelfInBlockTests.m */,
				2BF6E376196FC8A2002B266E /* Supporting Files */,
			);
			path = 1_2_SelfInBlockTests;
			sourceTree = "<group>";
		};
		2BF6E376196FC8A2002B266E /* Supporting Files */ = {
			isa = PBXGroup;
			children = (
				2BF6E377196FC8A2002B266E /* 1_2_SelfInBlockTests-Info.plist */,
				2BF6E378196FC8A2002B266E /* InfoPlist.strings */,
			);
			name = "Supporting Files";
			sourceTree = "<group>";
		};
/* End PBXGroup section */

/* Begin PBXNativeTarget section */
		2BF6E34C196FC8A2002B266E /* 1_2_SelfInBlock */ = {
			isa = PBXNativeTarget;
			buildConfigurationList = 2BF6E37F196FC8A2002B266E /* Build configuration list for PBXNativeTarget "1_2_SelfInBlock" */;
			buildPhases = (
				2BF6E349196FC8A2002B266E /* Sources */,
				2BF6E34A196FC8A2002B266E /* Frameworks */,
				2BF6E34B196FC8A2002B266E /* Resources */,
			);
			buildRules = (
			);
			dependencies = (
			);
			name = 1_2_SelfInBlock;
			productName = 1_2_SelfInBlock;
			productReference = 2BF6E34D196FC8A2002B266E /* 1_2_SelfInBlock.app */;
			productType = "com.apple.product-type.application";
		};
		2BF6E36D196FC8A2002B266E /* 1_2_SelfInBlockTests */ = {
			isa = PBXNativeTarget;
			buildConfigurationList = 2BF6E382196FC8A2002B266E /* Build configuration list for PBXNativeTarget "1_2_SelfInBlockTests" */;
			buildPhases = (
				2BF6E36A196FC8A2002B266E /* Sources */,
				2BF6E36B196FC8A2002B266E /* Frameworks */,
				2BF6E36C196FC8A2002B266E /* Resources */,
			);
			buildRules = (
			);
			dependencies = (
				2BF6E374196FC8A2002B266E /* PBXTargetDependency */,
			);
			name = 1_2_SelfInBlockTests;
			productName = 1_2_SelfInBlockTests;
			productReference = 2BF6E36E196FC8A2002B266E /* 1_2_SelfInBlockTests.xctest */;
			productType = "com.apple.product-type.bundle.unit-test";
		};
/* End PBXNativeTarget section */

/* Begin PBXProject section */
		2BF6E345196FC8A2002B266E /* Project object */ = {
			isa = PBXProject;
			attributes = {
				LastUpgradeCheck = 0510;
				ORGANIZATIONNAME = msyk.net;
				TargetAttributes = {
					2BF6E36D196FC8A2002B266E = {
						TestTargetID = 2BF6E34C196FC8A2002B266E;
					};
				};
			};
			buildConfigurationList = 2BF6E348196FC8A2002B266E /* Build configuration list for PBXProject "1_2_SelfInBlock" */;
			compatibilityVersion = "Xcode 3.2";
			developmentRegion = English;
			hasScannedForEncodings = 0;
			knownRegions = (
				en,
				Base,
			);
			mainGroup = 2BF6E344196FC8A2002B266E;
			productRefGroup = 2BF6E34E196FC8A2002B266E /* Products */;
			projectDirPath = "";
			projectRoot = "";
			targets = (
				2BF6E34C196FC8A2002B266E /* 1_2_SelfInBlock */,
				2BF6E36D196FC8A2002B266E /* 1_2_SelfInBlockTests */,
			);
		};
/* End PBXProject section */

/* Begin PBXResourcesBuildPhase section */
		2BF6E34B196FC8A2002B266E /* Resources */ = {
			isa = PBXResourcesBuildPhase;
			buildActionMask = 2147483647;
			files = (
				2BF6E369196FC8A2002B266E /* Images.xcassets in Resources */,
				2BF6E35B196FC8A2002B266E /* InfoPlist.strings in Resources */,
				2BF6E364196FC8A2002B266E /* Main.storyboard in Resources */,
			);
			runOnlyForDeploymentPostprocessing = 0;
		};
		2BF6E36C196FC8A2002B266E /* Resources */ = {
			isa = PBXResourcesBuildPhase;
			buildActionMask = 2147483647;
			files = (
				2BF6E37A196FC8A2002B266E /* InfoPlist.strings in Resources */,
			);
			runOnlyForDeploymentPostprocessing = 0;
		};
/* End PBXResourcesBuildPhase section */

/* Begin PBXSourcesBuildPhase section */
		2BF6E349196FC8A2002B266E /* Sources */ = {
			isa = PBXSourcesBuildPhase;
			buildActionMask = 2147483647;
			files = (
				2BF6E367196FC8A2002B266E /* ViewController.m in Sources */,
				2BF6E361196FC8A2002B266E /* AppDelegate.m in Sources */,
				2BF6E35D196FC8A2002B266E /* main.m in Sources */,
			);
			runOnlyForDeploymentPostprocessing = 0;
		};
		2BF6E36A196FC8A2002B266E /* Sources */ = {
			isa = PBXSourcesBuildPhase;
			buildActionMask = 2147483647;
			files = (
				2BF6E37C196FC8A2002B266E /* __2_SelfInBlockTests.m in Sources */,
			);
			runOnlyForDeploymentPostprocessing = 0;
		};
/* End PBXSourcesBuildPhase section */

/* Begin PBXTargetDependency section */
		2BF6E374196FC8A2002B266E /* PBXTargetDependency */ = {
			isa = PBXTargetDependency;
			target = 2BF6E34C196FC8A2002B266E /* 1_2_SelfInBlock */;
			targetProxy = 2BF6E373196FC8A2002B266E /* PBXContainerItemProxy */;
		};
/* End PBXTargetDependency section */

/* Begin PBXVariantGroup section */
		2BF6E359196FC8A2002B266E /* InfoPlist.strings */ = {
			isa = PBXVariantGroup;
			children = (
				2BF6E35A196FC8A2002B266E /* en */,
			);
			name = InfoPlist.strings;
			sourceTree = "<group>";
		};
		2BF6E362196FC8A2002B266E /* Main.storyboard */ = {
			isa = PBXVariantGroup;
			children = (
				2BF6E363196FC8A2002B266E /* Base */,
			);
			name = Main.storyboard;
			sourceTree = "<group>";
		};
		2BF6E378196FC8A2002B266E /* InfoPlist.strings */ = {
			isa = PBXVariantGroup;
			children = (
				2BF6E379196FC8A2002B266E /* en */,
			);
			name = InfoPlist.strings;
			sourceTree = "<group>";
		};
/* End PBXVariantGroup section */

/* Begin XCBuildConfiguration section */
		2BF6E37D196FC8A2002B266E /* Debug */ = {
			isa = XCBuildConfiguration;
			buildSettings = {
				ALWAYS_SEARCH_USER_PATHS = NO;
				CLANG_CXX_LANGUAGE_STANDARD = "gnu++0x";
				CLANG_CXX_LIBRARY = "libc++";
				CLANG_ENABLE_MODULES = YES;
				CLANG_ENABLE_OBJC_ARC = YES;
				CLANG_WARN_BOOL_CONVERSION = YES;
				CLANG_WARN_CONSTANT_CONVERSION = YES;
				CLANG_WARN_DIRECT_OBJC_ISA_USAGE = YES_ERROR;
				CLANG_WARN_EMPTY_BODY = YES;
				CLANG_WARN_ENUM_CONVERSION = YES;
				CLANG_WARN_INT_CONVERSION = YES;
				CLANG_WARN_OBJC_ROOT_CLASS = YES_ERROR;
				CLANG_WARN__DUPLICATE_METHOD_MATCH = YES;
				"CODE_SIGN_IDENTITY[sdk=iphoneos*]" = "iPhone Developer";
				COPY_PHASE_STRIP = NO;
				GCC_C_LANGUAGE_STANDARD = gnu99;
				GCC_DYNAMIC_NO_PIC = NO;
				GCC_OPTIMIZATION_LEVEL = 0;
				GCC_PREPROCESSOR_DEFINITIONS = (
					"DEBUG=1",
					"$(inherited)",
				);
				GCC_SYMBOLS_PRIVATE_EXTERN = NO;
				GCC_WARN_64_TO_32_BIT_CONVERSION = YES;
				GCC_WARN_ABOUT_RETURN_TYPE = YES_ERROR;
				GCC_WARN_UNDECLARED_SELECTOR = YES;
				GCC_WARN_UNINITIALIZED_AUTOS = YES_AGGRESSIVE;
				GCC_WARN_UNUSED_FUNCTION = YES;
				GCC_WARN_UNUSED_VARIABLE = YES;
				IPHONEOS_DEPLOYMENT_TARGET = 7.1;
				ONLY_ACTIVE_ARCH = YES;
				SDKROOT = iphoneos;
			};
			name = Debug;
		};
		2BF6E37E196FC8A2002B266E /* Release */ = {
			isa = XCBuildConfiguration;
			buildSettings = {
				ALWAYS_SEARCH_USER_PATHS = NO;
				CLANG_CXX_LANGUAGE_STANDARD = "gnu++0x";
				CLANG_CXX_LIBRARY = "libc++";
				CLANG_ENABLE_MODULES = YES;
				CLANG_ENABLE_OBJC_ARC = YES;
				CLANG_WARN_BOOL_CONVERSION = YES;
				CLANG_WARN_CONSTANT_CONVERSION = YES;
				CLANG_WARN_DIRECT_OBJC_ISA_USAGE = YES_ERROR;
				CLANG_WARN_EMPTY_BODY = YES;
				CLANG_WARN_ENUM_CONVERSION = YES;
				CLANG_WARN_INT_CONVERSION = YES;
				CLANG_WARN_OBJC_ROOT_CLASS = YES_ERROR;
				CLANG_WARN__DUPLICATE_METHOD_MATCH = YES;
				"CODE_SIGN_IDENTITY[sdk=iphoneos*]" = "iPhone Developer";
				COPY_PHASE_STRIP = YES;
				ENABLE_NS_ASSERTIONS = NO;
				GCC_C_LANGUAGE_STANDARD = gnu99;
				GCC_WARN_64_TO_32_BIT_CONVERSION = YES;
				GCC_WARN_ABOUT_RETURN_TYPE = YES_ERROR;
				GCC_WARN_UNDECLARED_SELECTOR = YES;
				GCC_WARN_UNINITIALIZED_AUTOS = YES_AGGRESSIVE;
				GCC_WARN_UNUSED_FUNCTION = YES;
				GCC_WARN_UNUSED_VARIABLE = YES;
				IPHONEOS_DEPLOYMENT_TARGET = 7.1;
				SDKROOT = iphoneos;
				VALIDATE_PRODUCT = YES;
			};
			name = Release;
		};
		2BF6E380196FC8A2002B266E /* Debug */ = {
			isa = XCBuildConfiguration;
			buildSettings = {
				ASSETCATALOG_COMPILER_APPICON_NAME = AppIcon;
				ASSETCATALOG_COMPILER_LAUNCHIMAGE_NAME = LaunchImage;
				GCC_PRECOMPILE_PREFIX_HEADER = YES;
				GCC_PREFIX_HEADER = "1_2_SelfInBlock/1_2_SelfInBlock-Prefix.pch";
				INFOPLIST_FILE = "1_2_SelfInBlock/1_2_SelfInBlock-Info.plist";
				PRODUCT_NAME = "$(TARGET_NAME)";
				WRAPPER_EXTENSION = app;
			};
			name = Debug;
		};
		2BF6E381196FC8A2002B266E /* Release */ = {
			isa = XCBuildConfiguration;
			buildSettings = {
				ASSETCATALOG_COMPILER_APPICON_NAME = AppIcon;
				ASSETCATALOG_COMPILER_LAUNCHIMAGE_NAME = LaunchImage;
				GCC_PRECOMPILE_PREFIX_HEADER = YES;
				GCC_PREFIX_HEADER = "1_2_SelfInBlock/1_2_SelfInBlock-Prefix.pch";
				INFOPLIST_FILE = "1_2_SelfInBlock/1_2_SelfInBlock-Info.plist";
				PRODUCT_NAME = "$(TARGET_NAME)";
				WRAPPER_EXTENSION = app;
			};
			name = Release;
		};
		2BF6E383196FC8A2002B266E /* Debug */ = {
			isa = XCBuildConfiguration;
			buildSettings = {
				BUNDLE_LOADER = "$(BUILT_PRODUCTS_DIR)/1_2_SelfInBlock.app/1_2_SelfInBlock";
				FRAMEWORK_SEARCH_PATHS = (
					"$(SDKROOT)/Developer/Library/Frameworks",
					"$(inherited)",
					"$(DEVELOPER_FRAMEWORKS_DIR)",
				);
				GCC_PRECOMPILE_PREFIX_HEADER = YES;
				GCC_PREFIX_HEADER = "1_2_SelfInBlock/1_2_SelfInBlock-Prefix.pch";
				GCC_PREPROCESSOR_DEFINITIONS = (
					"DEBUG=1",
					"$(inherited)",
				);
				INFOPLIST_FILE = "1_2_SelfInBlockTests/1_2_SelfInBlockTests-Info.plist";
				PRODUCT_NAME = "$(TARGET_NAME)";
				TEST_HOST = "$(BUNDLE_LOADER)";
				WRAPPER_EXTENSION = xctest;
			};
			name = Debug;
		};
		2BF6E384196FC8A2002B266E /* Release */ = {
			isa = XCBuildConfiguration;
			buildSettings = {
				BUNDLE_LOADER = "$(BUILT_PRODUCTS_DIR)/1_2_SelfInBlock.app/1_2_SelfInBlock";
				FRAMEWORK_SEARCH_PATHS = (
					"$(SDKROOT)/Developer/Library/Frameworks",
					"$(inherited)",
					"$(DEVELOPER_FRAMEWORKS_DIR)",
				);
				GCC_PRECOMPILE_PREFIX_HEADER = YES;
				GCC_PREFIX_HEADER = "1_2_SelfInBlock/1_2_SelfInBlock-Prefix.pch";
				INFOPLIST_FILE = "1_2_SelfInBlockTests/1_2_SelfInBlockTests-Info.plist";
				PRODUCT_NAME = "$(TARGET_NAME)";
				TEST_HOST = "$(BUNDLE_LOADER)";
				WRAPPER_EXTENSION = xctest;
			};
			name = Release;
		};
/* End XCBuildConfiguration section */

/* Begin XCConfigurationList section */
		2BF6E348196FC8A2002B266E /* Build configuration list for PBXProject "1_2_SelfInBlock" */ = {
			isa = XCConfigurationList;
			buildConfigurations = (
				2BF6E37D196FC8A2002B266E /* Debug */,
				2BF6E37E196FC8A2002B266E /* Release */,
			);
			defaultConfigurationIsVisible = 0;
			defaultConfigurationName = Release;
		};
		2BF6E37F196FC8A2002B266E /* Build configuration list for PBXNativeTarget "1_2_SelfInBlock" */ = {
			isa = XCConfigurationList;
			buildConfigurations = (
				2BF6E380196FC8A2002B266E /* Debug */,
				2BF6E381196FC8A2002B266E /* Release */,
			);
			defaultConfigurationIsVisible = 0;
		};
		2BF6E382196FC8A2002B266E /* Build configuration list for PBXNativeTarget "1_2_SelfInBlockTests" */ = {
			isa = XCConfigurationList;
			buildConfigurations = (
				2BF6E383196FC8A2002B266E /* Debug */,
				2BF6E384196FC8A2002B266E /* Release */,
			);
			defaultConfigurationIsVisible = 0;
		};
/* End XCConfigurationList section */
	};
	rootObject = 2BF6E345196FC8A2002B266E /* Project object */;
}
