// !$*UTF8*$!
{
	archiveVersion = 1;
	classes = {
	};
	objectVersion = 46;
	objects = {

/* Begin PBXBuildFile section */
		2B2B8D9719D1462A006E5D64 /* Localizable.strings in Resources */ = {isa = PBXBuildFile; fileRef = 2B2B8D9919D1462A006E5D64 /* Localizable.strings */; };
		2B2B8D9D19D147A9006E5D64 /* InfoPlist.strings in Resources */ = {isa = PBXBuildFile; fileRef = 2B2B8D9F19D147A9006E5D64 /* InfoPlist.strings */; };
		B457401E19C5418300EF57DC /* main.m in Sources */ = {isa = PBXBuildFile; fileRef = B457401D19C5418300EF57DC /* main.m */; };
		B457402119C5418300EF57DC /* AppDelegate.m in Sources */ = {isa = PBXBuildFile; fileRef = B457402019C5418300EF57DC /* AppDelegate.m */; };
		B457402719C5418300EF57DC /* Main.storyboard in Resources */ = {isa = PBXBuildFile; fileRef = B457402519C5418300EF57DC /* Main.storyboard */; };
		B457402919C5418300EF57DC /* Images.xcassets in Resources */ = {isa = PBXBuildFile; fileRef = B457402819C5418300EF57DC /* Images.xcassets */; };
		B457402C19C5418300EF57DC /* LaunchScreen.xib in Resources */ = {isa = PBXBuildFile; fileRef = B457402A19C5418300EF57DC /* LaunchScreen.xib */; };
		B457403819C5418300EF57DC /* PlaceMapTests.m in Sources */ = {isa = PBXBuildFile; fileRef = B457403719C5418300EF57DC /* PlaceMapTests.m */; };
		B457404319C5423500EF57DC /* PlaceListViewController.m in Sources */ = {isa = PBXBuildFile; fileRef = B457404219C5423500EF57DC /* PlaceListViewController.m */; };
		B457404619C5426000EF57DC /* MapDisplayViewController.m in Sources */ = {isa = PBXBuildFile; fileRef = B457404519C5426000EF57DC /* MapDisplayViewController.m */; };
		B457404919C5427E00EF57DC /* PlaceDatabase.m in Sources */ = {isa = PBXBuildFile; fileRef = B457404819C5427E00EF57DC /* PlaceDatabase.m */; };
		B457404B19C54A2A00EF57DC /* MapKit.framework in Frameworks */ = {isa = PBXBuildFile; fileRef = B457404A19C54A2A00EF57DC /* MapKit.framework */; };
/* End PBXBuildFile section */

/* Begin PBXContainerItemProxy section */
		B457403219C5418300EF57DC /* PBXContainerItemProxy */ = {
			isa = PBXContainerItemProxy;
			containerPortal = B457401019C5418300EF57DC /* Project object */;
			proxyType = 1;
			remoteGlobalIDString = B457401719C5418300EF57DC;
			remoteInfo = PlaceMap;
		};
/* End PBXContainerItemProxy section */

/* Begin PBXFileReference section */
		2B2B8D8E19D143AC006E5D64 /* ja */ = {isa = PBXFileReference; lastKnownFileType = text.plist.strings; name = ja; path = ja.lproj/LaunchScreen.strings; sourceTree = "<group>"; };
		2B2B8D9019D143BB006E5D64 /* en */ = {isa = PBXFileReference; lastKnownFileType = text.plist.strings; name = en; path = en.lproj/Main.strings; sourceTree = "<group>"; };
		2B2B8D9419D14588006E5D64 /* ja */ = {isa = PBXFileReference; lastKnownFileType = text.plist.strings; name = ja; path = ja.lproj/Main.strings; sourceTree = "<group>"; };
		2B2B8D9819D1462A006E5D64 /* en */ = {isa = PBXFileReference; lastKnownFileType = text.plist.strings; name = en; path = en.lproj/Localizable.strings; sourceTree = "<group>"; };
		2B2B8D9A19D14630006E5D64 /* ja */ = {isa = PBXFileReference; lastKnownFileType = text.plist.strings; name = ja; path = ja.lproj/Localizable.strings; sourceTree = "<group>"; };
		2B2B8D9E19D147A9006E5D64 /* en */ = {isa = PBXFileReference; lastKnownFileType = text.plist.strings; name = en; path = en.lproj/InfoPlist.strings; sourceTree = "<group>"; };
		2B2B8DA019D147AB006E5D64 /* ja */ = {isa = PBXFileReference; lastKnownFileType = text.plist.strings; name = ja; path = ja.lproj/InfoPlist.strings; sourceTree = "<group>"; };
		B457401819C5418300EF57DC /* PlaceMap.app */ = {isa = PBXFileReference; explicitFileType = wrapper.application; includeInIndex = 0; path = PlaceMap.app; sourceTree = BUILT_PRODUCTS_DIR; };
		B457401C19C5418300EF57DC /* Info.plist */ = {isa = PBXFileReference; lastKnownFileType = text.plist.xml; path = Info.plist; sourceTree = "<group>"; };
		B457401D19C5418300EF57DC /* main.m */ = {isa = PBXFileReference; lastKnownFileType = sourcecode.c.objc; path = main.m; sourceTree = "<group>"; };
		B457401F19C5418300EF57DC /* AppDelegate.h */ = {isa = PBXFileReference; lastKnownFileType = sourcecode.c.h; path = AppDelegate.h; sourceTree = "<group>"; };
		B457402019C5418300EF57DC /* AppDelegate.m */ = {isa = PBXFileReference; lastKnownFileType = sourcecode.c.objc; path = AppDelegate.m; sourceTree = "<group>"; };
		B457402619C5418300EF57DC /* Base */ = {isa = PBXFileReference; lastKnownFileType = file.storyboard; name = Base; path = Base.lproj/Main.storyboard; sourceTree = "<group>"; };
		B457402819C5418300EF57DC /* Images.xcassets */ = {isa = PBXFileReference; lastKnownFileType = folder.assetcatalog; path = Images.xcassets; sourceTree = "<group>"; };
		B457402B19C5418300EF57DC /* Base */ = {isa = PBXFileReference; lastKnownFileType = file.xib; name = Base; path = Base.lproj/LaunchScreen.xib; sourceTree = "<group>"; };
		B457403119C5418300EF57DC /* PlaceMapTests.xctest */ = {isa = PBXFileReference; explicitFileType = wrapper.cfbundle; includeInIndex = 0; path = PlaceMapTests.xctest; sourceTree = BUILT_PRODUCTS_DIR; };
		B457403619C5418300EF57DC /* Info.plist */ = {isa = PBXFileReference; lastKnownFileType = text.plist.xml; path = Info.plist; sourceTree = "<group>"; };
		B457403719C5418300EF57DC /* PlaceMapTests.m */ = {isa = PBXFileReference; lastKnownFileType = sourcecode.c.objc; path = PlaceMapTests.m; sourceTree = "<group>"; };
		B457404119C5423500EF57DC /* PlaceListViewController.h */ = {isa = PBXFileReference; fileEncoding = 4; lastKnownFileType = sourcecode.c.h; path = PlaceListViewController.h; sourceTree = "<group>"; };
		B457404219C5423500EF57DC /* PlaceListViewController.m */ = {isa = PBXFileReference; fileEncoding = 4; lastKnownFileType = sourcecode.c.objc; path = PlaceListViewController.m; sourceTree = "<group>"; };
		B457404419C5426000EF57DC /* MapDisplayViewController.h */ = {isa = PBXFileReference; fileEncoding = 4; lastKnownFileType = sourcecode.c.h; path = MapDisplayViewController.h; sourceTree = "<group>"; };
		B457404519C5426000EF57DC /* MapDisplayViewController.m */ = {isa = PBXFileReference; fileEncoding = 4; lastKnownFileType = sourcecode.c.objc; path = MapDisplayViewController.m; sourceTree = "<group>"; };
		B457404719C5427E00EF57DC /* PlaceDatabase.h */ = {isa = PBXFileReference; fileEncoding = 4; lastKnownFileType = sourcecode.c.h; path = PlaceDatabase.h; sourceTree = "<group>"; };
		B457404819C5427E00EF57DC /* PlaceDatabase.m */ = {isa = PBXFileReference; fileEncoding = 4; lastKnownFileType = sourcecode.c.objc; path = PlaceDatabase.m; sourceTree = "<group>"; };
		B457404A19C54A2A00EF57DC /* MapKit.framework */ = {isa = PBXFileReference; lastKnownFileType = wrapper.framework; name = MapKit.framework; path = System/Library/Frameworks/MapKit.framework; sourceTree = SDKROOT; };
/* End PBXFileReference section */

/* Begin PBXFrameworksBuildPhase section */
		B457401519C5418300EF57DC /* Frameworks */ = {
			isa = PBXFrameworksBuildPhase;
			buildActionMask = 2147483647;
			files = (
				B457404B19C54A2A00EF57DC /* MapKit.framework in Frameworks */,
			);
			runOnlyForDeploymentPostprocessing = 0;
		};
		B457402E19C5418300EF57DC /* Frameworks */ = {
			isa = PBXFrameworksBuildPhase;
			buildActionMask = 2147483647;
			files = (
			);
			runOnlyForDeploymentPostprocessing = 0;
		};
/* End PBXFrameworksBuildPhase section */

/* Begin PBXGroup section */
		B457400F19C5418300EF57DC = {
			isa = PBXGroup;
			children = (
				B457404A19C54A2A00EF57DC /* MapKit.framework */,
				B457401A19C5418300EF57DC /* PlaceMap */,
				B457403419C5418300EF57DC /* PlaceMapTests */,
				B457401919C5418300EF57DC /* Products */,
			);
			sourceTree = "<group>";
		};
		B457401919C5418300EF57DC /* Products */ = {
			isa = PBXGroup;
			children = (
				B457401819C5418300EF57DC /* PlaceMap.app */,
				B457403119C5418300EF57DC /* PlaceMapTests.xctest */,
			);
			name = Products;
			sourceTree = "<group>";
		};
		B457401A19C5418300EF57DC /* PlaceMap */ = {
			isa = PBXGroup;
			children = (
				B457401F19C5418300EF57DC /* AppDelegate.h */,
				B457402019C5418300EF57DC /* AppDelegate.m */,
				B457402519C5418300EF57DC /* Main.storyboard */,
				B457402819C5418300EF57DC /* Images.xcassets */,
				B457402A19C5418300EF57DC /* LaunchScreen.xib */,
				B457401B19C5418300EF57DC /* Supporting Files */,
				B457404119C5423500EF57DC /* PlaceListViewController.h */,
				B457404219C5423500EF57DC /* PlaceListViewController.m */,
				B457404419C5426000EF57DC /* MapDisplayViewController.h */,
				B457404519C5426000EF57DC /* MapDisplayViewController.m */,
				B457404719C5427E00EF57DC /* PlaceDatabase.h */,
				B457404819C5427E00EF57DC /* PlaceDatabase.m */,
				2B2B8D9919D1462A006E5D64 /* Localizable.strings */,
				2B2B8D9F19D147A9006E5D64 /* InfoPlist.strings */,
			);
			path = PlaceMap;
			sourceTree = "<group>";
		};
		B457401B19C5418300EF57DC /* Supporting Files */ = {
			isa = PBXGroup;
			children = (
				B457401C19C5418300EF57DC /* Info.plist */,
				B457401D19C5418300EF57DC /* main.m */,
			);
			name = "Supporting Files";
			sourceTree = "<group>";
		};
		B457403419C5418300EF57DC /* PlaceMapTests */ = {
			isa = PBXGroup;
			children = (
				B457403719C5418300EF57DC /* PlaceMapTests.m */,
				B457403519C5418300EF57DC /* Supporting Files */,
			);
			path = PlaceMapTests;
			sourceTree = "<group>";
		};
		B457403519C5418300EF57DC /* Supporting Files */ = {
			isa = PBXGroup;
			children = (
				B457403619C5418300EF57DC /* Info.plist */,
			);
			name = "Supporting Files";
			sourceTree = "<group>";
		};
/* End PBXGroup section */

/* Begin PBXNativeTarget section */
		B457401719C5418300EF57DC /* PlaceMap */ = {
			isa = PBXNativeTarget;
			buildConfigurationList = B457403B19C5418300EF57DC /* Build configuration list for PBXNativeTarget "PlaceMap" */;
			buildPhases = (
				B457401419C5418300EF57DC /* Sources */,
				B457401519C5418300EF57DC /* Frameworks */,
				B457401619C5418300EF57DC /* Resources */,
			);
			buildRules = (
			);
			dependencies = (
			);
			name = PlaceMap;
			productName = PlaceMap;
			productReference = B457401819C5418300EF57DC /* PlaceMap.app */;
			productType = "com.apple.product-type.application";
		};
		B457403019C5418300EF57DC /* PlaceMapTests */ = {
			isa = PBXNativeTarget;
			buildConfigurationList = B457403E19C5418300EF57DC /* Build configuration list for PBXNativeTarget "PlaceMapTests" */;
			buildPhases = (
				B457402D19C5418300EF57DC /* Sources */,
				B457402E19C5418300EF57DC /* Frameworks */,
				B457402F19C5418300EF57DC /* Resources */,
			);
			buildRules = (
			);
			dependencies = (
				B457403319C5418300EF57DC /* PBXTargetDependency */,
			);
			name = PlaceMapTests;
			productName = PlaceMapTests;
			productReference = B457403119C5418300EF57DC /* PlaceMapTests.xctest */;
			productType = "com.apple.product-type.bundle.unit-test";
		};
/* End PBXNativeTarget section */

/* Begin PBXProject section */
		B457401019C5418300EF57DC /* Project object */ = {
			isa = PBXProject;
			attributes = {
				LastUpgradeCheck = 0600;
				ORGANIZATIONNAME = msyk.net;
				TargetAttributes = {
					B457401719C5418300EF57DC = {
						CreatedOnToolsVersion = 6.0;
					};
					B457403019C5418300EF57DC = {
						CreatedOnToolsVersion = 6.0;
						TestTargetID = B457401719C5418300EF57DC;
					};
				};
			};
			buildConfigurationList = B457401319C5418300EF57DC /* Build configuration list for PBXProject "PlaceMap" */;
			compatibilityVersion = "Xcode 3.2";
			developmentRegion = English;
			hasScannedForEncodings = 0;
			knownRegions = (
				en,
				Base,
				ja,
			);
			mainGroup = B457400F19C5418300EF57DC;
			productRefGroup = B457401919C5418300EF57DC /* Products */;
			projectDirPath = "";
			projectRoot = "";
			targets = (
				B457401719C5418300EF57DC /* PlaceMap */,
				B457403019C5418300EF57DC /* PlaceMapTests */,
			);
		};
/* End PBXProject section */

/* Begin PBXResourcesBuildPhase section */
		B457401619C5418300EF57DC /* Resources */ = {
			isa = PBXResourcesBuildPhase;
			buildActionMask = 2147483647;
			files = (
				B457402719C5418300EF57DC /* Main.storyboard in Resources */,
				2B2B8D9719D1462A006E5D64 /* Localizable.strings in Resources */,
				B457402C19C5418300EF57DC /* LaunchScreen.xib in Resources */,
				B457402919C5418300EF57DC /* Images.xcassets in Resources */,
				2B2B8D9D19D147A9006E5D64 /* InfoPlist.strings in Resources */,
			);
			runOnlyForDeploymentPostprocessing = 0;
		};
		B457402F19C5418300EF57DC /* Resources */ = {
			isa = PBXResourcesBuildPhase;
			buildActionMask = 2147483647;
			files = (
			);
			runOnlyForDeploymentPostprocessing = 0;
		};
/* End PBXResourcesBuildPhase section */

/* Begin PBXSourcesBuildPhase section */
		B457401419C5418300EF57DC /* Sources */ = {
			isa = PBXSourcesBuildPhase;
			buildActionMask = 2147483647;
			files = (
				B457404619C5426000EF57DC /* MapDisplayViewController.m in Sources */,
				B457404919C5427E00EF57DC /* PlaceDatabase.m in Sources */,
				B457402119C5418300EF57DC /* AppDelegate.m in Sources */,
				B457401E19C5418300EF57DC /* main.m in Sources */,
				B457404319C5423500EF57DC /* PlaceListViewController.m in Sources */,
			);
			runOnlyForDeploymentPostprocessing = 0;
		};
		B457402D19C5418300EF57DC /* Sources */ = {
			isa = PBXSourcesBuildPhase;
			buildActionMask = 2147483647;
			files = (
				B457403819C5418300EF57DC /* PlaceMapTests.m in Sources */,
			);
			runOnlyForDeploymentPostprocessing = 0;
		};
/* End PBXSourcesBuildPhase section */

/* Begin PBXTargetDependency section */
		B457403319C5418300EF57DC /* PBXTargetDependency */ = {
			isa = PBXTargetDependency;
			target = B457401719C5418300EF57DC /* PlaceMap */;
			targetProxy = B457403219C5418300EF57DC /* PBXContainerItemProxy */;
		};
/* End PBXTargetDependency section */

/* Begin PBXVariantGroup section */
		2B2B8D9919D1462A006E5D64 /* Localizable.strings */ = {
			isa = PBXVariantGroup;
			children = (
				2B2B8D9819D1462A006E5D64 /* en */,
				2B2B8D9A19D14630006E5D64 /* ja */,
			);
			name = Localizable.strings;
			sourceTree = "<group>";
		};
		2B2B8D9F19D147A9006E5D64 /* InfoPlist.strings */ = {
			isa = PBXVariantGroup;
			children = (
				2B2B8D9E19D147A9006E5D64 /* en */,
				2B2B8DA019D147AB006E5D64 /* ja */,
			);
			name = InfoPlist.strings;
			sourceTree = "<group>";
		};
		B457402519C5418300EF57DC /* Main.storyboard */ = {
			isa = PBXVariantGroup;
			children = (
				B457402619C5418300EF57DC /* Base */,
				2B2B8D9019D143BB006E5D64 /* en */,
				2B2B8D9419D14588006E5D64 /* ja */,
			);
			name = Main.storyboard;
			sourceTree = "<group>";
		};
		B457402A19C5418300EF57DC /* LaunchScreen.xib */ = {
			isa = PBXVariantGroup;
			children = (
				B457402B19C5418300EF57DC /* Base */,
				2B2B8D8E19D143AC006E5D64 /* ja */,
			);
			name = LaunchScreen.xib;
			sourceTree = "<group>";
		};
/* End PBXVariantGroup section */

/* Begin XCBuildConfiguration section */
		B457403919C5418300EF57DC /* Debug */ = {
			isa = XCBuildConfiguration;
			buildSettings = {
				ALWAYS_SEARCH_USER_PATHS = NO;
				CLANG_CXX_LANGUAGE_STANDARD = "gnu++0x";
				CLANG_CXX_LIBRARY = "libc++";
				CLANG_ENABLE_MODULES = YES;
				CLANG_ENABLE_OBJC_ARC = YES;
				CLANG_WARN_BOOL_CONVERSION = YES;
				CLANG_WARN_CONSTANT_CONVERSION = YES;
				CLANG_WARN_DIRECT_OBJC_ISA_USAGE = YES_ERROR;
				CLANG_WARN_EMPTY_BODY = YES;
				CLANG_WARN_ENUM_CONVERSION = YES;
				CLANG_WARN_INT_CONVERSION = YES;
				CLANG_WARN_OBJC_ROOT_CLASS = YES_ERROR;
				CLANG_WARN_UNREACHABLE_CODE = YES;
				CLANG_WARN__DUPLICATE_METHOD_MATCH = YES;
				"CODE_SIGN_IDENTITY[sdk=iphoneos*]" = "iPhone Developer";
				COPY_PHASE_STRIP = NO;
				ENABLE_STRICT_OBJC_MSGSEND = YES;
				GCC_C_LANGUAGE_STANDARD = gnu99;
				GCC_DYNAMIC_NO_PIC = NO;
				GCC_OPTIMIZATION_LEVEL = 0;
				GCC_PREPROCESSOR_DEFINITIONS = (
					"DEBUG=1",
					"$(inherited)",
				);
				GCC_SYMBOLS_PRIVATE_EXTERN = NO;
				GCC_WARN_64_TO_32_BIT_CONVERSION = YES;
				GCC_WARN_ABOUT_RETURN_TYPE = YES_ERROR;
				GCC_WARN_UNDECLARED_SELECTOR = YES;
				GCC_WARN_UNINITIALIZED_AUTOS = YES_AGGRESSIVE;
				GCC_WARN_UNUSED_FUNCTION = YES;
				GCC_WARN_UNUSED_VARIABLE = YES;
				IPHONEOS_DEPLOYMENT_TARGET = 8.0;
				MTL_ENABLE_DEBUG_INFO = YES;
				ONLY_ACTIVE_ARCH = YES;
				SDKROOT = iphoneos;
				TARGETED_DEVICE_FAMILY = "1,2";
			};
			name = Debug;
		};
		B457403A19C5418300EF57DC /* Release */ = {
			isa = XCBuildConfiguration;
			buildSettings = {
				ALWAYS_SEARCH_USER_PATHS = NO;
				CLANG_CXX_LANGUAGE_STANDARD = "gnu++0x";
				CLANG_CXX_LIBRARY = "libc++";
				CLANG_ENABLE_MODULES = YES;
				CLANG_ENABLE_OBJC_ARC = YES;
				CLANG_WARN_BOOL_CONVERSION = YES;
				CLANG_WARN_CONSTANT_CONVERSION = YES;
				CLANG_WARN_DIRECT_OBJC_ISA_USAGE = YES_ERROR;
				CLANG_WARN_EMPTY_BODY = YES;
				CLANG_WARN_ENUM_CONVERSION = YES;
				CLANG_WARN_INT_CONVERSION = YES;
				CLANG_WARN_OBJC_ROOT_CLASS = YES_ERROR;
				CLANG_WARN_UNREACHABLE_CODE = YES;
				CLANG_WARN__DUPLICATE_METHOD_MATCH = YES;
				"CODE_SIGN_IDENTITY[sdk=iphoneos*]" = "iPhone Developer";
				COPY_PHASE_STRIP = YES;
				ENABLE_NS_ASSERTIONS = NO;
				ENABLE_STRICT_OBJC_MSGSEND = YES;
				GCC_C_LANGUAGE_STANDARD = gnu99;
				GCC_WARN_64_TO_32_BIT_CONVERSION = YES;
				GCC_WARN_ABOUT_RETURN_TYPE = YES_ERROR;
				GCC_WARN_UNDECLARED_SELECTOR = YES;
				GCC_WARN_UNINITIALIZED_AUTOS = YES_AGGRESSIVE;
				GCC_WARN_UNUSED_FUNCTION = YES;
				GCC_WARN_UNUSED_VARIABLE = YES;
				IPHONEOS_DEPLOYMENT_TARGET = 8.0;
				MTL_ENABLE_DEBUG_INFO = NO;
				SDKROOT = iphoneos;
				TARGETED_DEVICE_FAMILY = "1,2";
				VALIDATE_PRODUCT = YES;
			};
			name = Release;
		};
		B457403C19C5418300EF57DC /* Debug */ = {
			isa = XCBuildConfiguration;
			buildSettings = {
				ASSETCATALOG_COMPILER_APPICON_NAME = AppIcon;
				INFOPLIST_FILE = PlaceMap/Info.plist;
				LD_RUNPATH_SEARCH_PATHS = "$(inherited) @executable_path/Frameworks";
				PRODUCT_NAME = "$(TARGET_NAME)";
			};
			name = Debug;
		};
		B457403D19C5418300EF57DC /* Release */ = {
			isa = XCBuildConfiguration;
			buildSettings = {
				ASSETCATALOG_COMPILER_APPICON_NAME = AppIcon;
				INFOPLIST_FILE = PlaceMap/Info.plist;
				LD_RUNPATH_SEARCH_PATHS = "$(inherited) @executable_path/Frameworks";
				PRODUCT_NAME = "$(TARGET_NAME)";
			};
			name = Release;
		};
		B457403F19C5418300EF57DC /* Debug */ = {
			isa = XCBuildConfiguration;
			buildSettings = {
				BUNDLE_LOADER = "$(TEST_HOST)";
				FRAMEWORK_SEARCH_PATHS = (
					"$(SDKROOT)/Developer/Library/Frameworks",
					"$(inherited)",
				);
				GCC_PREPROCESSOR_DEFINITIONS = (
					"DEBUG=1",
					"$(inherited)",
				);
				INFOPLIST_FILE = PlaceMapTests/Info.plist;
				LD_RUNPATH_SEARCH_PATHS = "$(inherited) @executable_path/Frameworks @loader_path/Frameworks";
				PRODUCT_NAME = "$(TARGET_NAME)";
				TEST_HOST = "$(BUILT_PRODUCTS_DIR)/PlaceMap.app/PlaceMap";
			};
			name = Debug;
		};
		B457404019C5418300EF57DC /* Release */ = {
			isa = XCBuildConfiguration;
			buildSettings = {
				BUNDLE_LOADER = "$(TEST_HOST)";
				FRAMEWORK_SEARCH_PATHS = (
					"$(SDKROOT)/Developer/Library/Frameworks",
					"$(inherited)",
				);
				INFOPLIST_FILE = PlaceMapTests/Info.plist;
				LD_RUNPATH_SEARCH_PATHS = "$(inherited) @executable_path/Frameworks @loader_path/Frameworks";
				PRODUCT_NAME = "$(TARGET_NAME)";
				TEST_HOST = "$(BUILT_PRODUCTS_DIR)/PlaceMap.app/PlaceMap";
			};
			name = Release;
		};
/* End XCBuildConfiguration section */

/* Begin XCConfigurationList section */
		B457401319C5418300EF57DC /* Build configuration list for PBXProject "PlaceMap" */ = {
			isa = XCConfigurationList;
			buildConfigurations = (
				B457403919C5418300EF57DC /* Debug */,
				B457403A19C5418300EF57DC /* Release */,
			);
			defaultConfigurationIsVisible = 0;
			defaultConfigurationName = Release;
		};
		B457403B19C5418300EF57DC /* Build configuration list for PBXNativeTarget "PlaceMap" */ = {
			isa = XCConfigurationList;
			buildConfigurations = (
				B457403C19C5418300EF57DC /* Debug */,
				B457403D19C5418300EF57DC /* Release */,
			);
			defaultConfigurationIsVisible = 0;
			defaultConfigurationName = Release;
		};
		B457403E19C5418300EF57DC /* Build configuration list for PBXNativeTarget "PlaceMapTests" */ = {
			isa = XCConfigurationList;
			buildConfigurations = (
				B457403F19C5418300EF57DC /* Debug */,
				B457404019C5418300EF57DC /* Release */,
			);
			defaultConfigurationIsVisible = 0;
			defaultConfigurationName = Release;
		};
/* End XCConfigurationList section */
	};
	rootObject = B457401019C5418300EF57DC /* Project object */;
}
